// !$*UTF8*$!
{
	archiveVersion = 1;
	classes = {
	};
	objectVersion = 56;
	objects = {

/* Begin PBXBuildFile section */
		6E402CFD2BDEC64B00356275 /* Friend.swift in Sources */ = {isa = PBXBuildFile; fileRef = 6E402CFC2BDEC64A00356275 /* Friend.swift */; };
		6E402CFF2BDECBA700356275 /* FriendList.swift in Sources */ = {isa = PBXBuildFile; fileRef = 6E402CFE2BDECBA700356275 /* FriendList.swift */; };
		6E402D3E2BDEEBC000356275 /* FriendDetail.swift in Sources */ = {isa = PBXBuildFile; fileRef = 6E402D3D2BDEEBC000356275 /* FriendDetail.swift */; };
		6E402D402BDEF1A000356275 /*  ContentView.swift in Sources */ = {isa = PBXBuildFile; fileRef = 6E402D3F2BDEF1A000356275 /*  ContentView.swift */; };
		6E402D422BDEFFBB00356275 /* FilteredMovieList.swift in Sources */ = {isa = PBXBuildFile; fileRef = 6E402D412BDEFFBB00356275 /* FilteredMovieList.swift */; };
		6EB92A592BD86C8C004D59D0 /* FriendsFavoriteMoviesApp.swift in Sources */ = {isa = PBXBuildFile; fileRef = 6EB92A582BD86C8C004D59D0 /* FriendsFavoriteMoviesApp.swift */; };
		6EB92A5B2BD86C8C004D59D0 /*  MovieList.swift in Sources */ = {isa = PBXBuildFile; fileRef = 6EB92A5A2BD86C8C004D59D0 /*  MovieList.swift */; };
		6EB92A5D2BD86C8C004D59D0 /* Movie.swift in Sources */ = {isa = PBXBuildFile; fileRef = 6EB92A5C2BD86C8C004D59D0 /* Movie.swift */; };
		6EB92A5F2BD86C8F004D59D0 /* Assets.xcassets in Resources */ = {isa = PBXBuildFile; fileRef = 6EB92A5E2BD86C8F004D59D0 /* Assets.xcassets */; };
		6EB92A622BD86C8F004D59D0 /* Preview Assets.xcassets in Resources */ = {isa = PBXBuildFile; fileRef = 6EB92A612BD86C8F004D59D0 /* Preview Assets.xcassets */; };
		6EEEF74D2BD9153400858A12 /* SampleData.swift in Sources */ = {isa = PBXBuildFile; fileRef = 6EEEF74C2BD9153400858A12 /* SampleData.swift */; };
		6EEEF74F2BDA448F00858A12 /* MovieDetail.swift in Sources */ = {isa = PBXBuildFile; fileRef = 6EEEF74E2BDA448F00858A12 /* MovieDetail.swift */; };
/* End PBXBuildFile section */

/* Begin PBXFileReference section */
		6E402CFC2BDEC64A00356275 /* Friend.swift */ = {isa = PBXFileReference; lastKnownFileType = sourcecode.swift; path = Friend.swift; sourceTree = "<group>"; };
		6E402CFE2BDECBA700356275 /* FriendList.swift */ = {isa = PBXFileReference; lastKnownFileType = sourcecode.swift; path = FriendList.swift; sourceTree = "<group>"; };
		6E402D3D2BDEEBC000356275 /* FriendDetail.swift */ = {isa = PBXFileReference; lastKnownFileType = sourcecode.swift; path = FriendDetail.swift; sourceTree = "<group>"; };
		6E402D3F2BDEF1A000356275 /*  ContentView.swift */ = {isa = PBXFileReference; lastKnownFileType = sourcecode.swift; path = " ContentView.swift"; sourceTree = "<group>"; };
		6E402D412BDEFFBB00356275 /* FilteredMovieList.swift */ = {isa = PBXFileReference; lastKnownFileType = sourcecode.swift; path = FilteredMovieList.swift; sourceTree = "<group>"; };
		6EB92A552BD86C8C004D59D0 /* FriendsFavoriteMovies.app */ = {isa = PBXFileReference; explicitFileType = wrapper.application; includeInIndex = 0; path = FriendsFavoriteMovies.app; sourceTree = BUILT_PRODUCTS_DIR; };
		6EB92A582BD86C8C004D59D0 /* FriendsFavoriteMoviesApp.swift */ = {isa = PBXFileReference; lastKnownFileType = sourcecode.swift; path = FriendsFavoriteMoviesApp.swift; sourceTree = "<group>"; };
		6EB92A5A2BD86C8C004D59D0 /*  MovieList.swift */ = {isa = PBXFileReference; lastKnownFileType = sourcecode.swift; path = " MovieList.swift"; sourceTree = "<group>"; };
		6EB92A5C2BD86C8C004D59D0 /* Movie.swift */ = {isa = PBXFileReference; lastKnownFileType = sourcecode.swift; path = Movie.swift; sourceTree = "<group>"; };
		6EB92A5E2BD86C8F004D59D0 /* Assets.xcassets */ = {isa = PBXFileReference; lastKnownFileType = folder.assetcatalog; path = Assets.xcassets; sourceTree = "<group>"; };
		6EB92A612BD86C8F004D59D0 /* Preview Assets.xcassets */ = {isa = PBXFileReference; lastKnownFileType = folder.assetcatalog; path = "Preview Assets.xcassets"; sourceTree = "<group>"; };
		6EEEF74C2BD9153400858A12 /* SampleData.swift */ = {isa = PBXFileReference; lastKnownFileType = sourcecode.swift; path = SampleData.swift; sourceTree = "<group>"; };
		6EEEF74E2BDA448F00858A12 /* MovieDetail.swift */ = {isa = PBXFileReference; lastKnownFileType = sourcecode.swift; path = MovieDetail.swift; sourceTree = "<group>"; };
/* End PBXFileReference section */

/* Begin PBXFrameworksBuildPhase section */
		6EB92A522BD86C8C004D59D0 /* Frameworks */ = {
			isa = PBXFrameworksBuildPhase;
			buildActionMask = 2147483647;
			files = (
			);
			runOnlyForDeploymentPostprocessing = 0;
		};
/* End PBXFrameworksBuildPhase section */

/* Begin PBXGroup section */
		6EB92A4C2BD86C8C004D59D0 = {
			isa = PBXGroup;
			children = (
				6EB92A572BD86C8C004D59D0 /* FriendsFavoriteMovies */,
				6EB92A562BD86C8C004D59D0 /* Products */,
			);
			sourceTree = "<group>";
		};
		6EB92A562BD86C8C004D59D0 /* Products */ = {
			isa = PBXGroup;
			children = (
				6EB92A552BD86C8C004D59D0 /* FriendsFavoriteMovies.app */,
			);
			name = Products;
			sourceTree = "<group>";
		};
		6EB92A572BD86C8C004D59D0 /* FriendsFavoriteMovies */ = {
			isa = PBXGroup;
			children = (
				6EB92A582BD86C8C004D59D0 /* FriendsFavoriteMoviesApp.swift */,
				6E402D3F2BDEF1A000356275 /*  ContentView.swift */,
				6EB92A5A2BD86C8C004D59D0 /*  MovieList.swift */,
				6EEEF74E2BDA448F00858A12 /* MovieDetail.swift */,
				6EEEF74C2BD9153400858A12 /* SampleData.swift */,
				6EB92A5C2BD86C8C004D59D0 /* Movie.swift */,
				6E402CFC2BDEC64A00356275 /* Friend.swift */,
				6E402CFE2BDECBA700356275 /* FriendList.swift */,
				6E402D3D2BDEEBC000356275 /* FriendDetail.swift */,
				6EB92A5E2BD86C8F004D59D0 /* Assets.xcassets */,
				6EB92A602BD86C8F004D59D0 /* Preview Content */,
				6E402D412BDEFFBB00356275 /* FilteredMovieList.swift */,
			);
			path = FriendsFavoriteMovies;
			sourceTree = "<group>";
		};
		6EB92A602BD86C8F004D59D0 /* Preview Content */ = {
			isa = PBXGroup;
			children = (
				6EB92A612BD86C8F004D59D0 /* Preview Assets.xcassets */,
			);
			path = "Preview Content";
			sourceTree = "<group>";
		};
/* End PBXGroup section */

/* Begin PBXNativeTarget section */
		6EB92A542BD86C8C004D59D0 /* FriendsFavoriteMovies */ = {
			isa = PBXNativeTarget;
			buildConfigurationList = 6EB92A652BD86C8F004D59D0 /* Build configuration list for PBXNativeTarget "FriendsFavoriteMovies" */;
			buildPhases = (
				6EB92A512BD86C8C004D59D0 /* Sources */,
				6EB92A522BD86C8C004D59D0 /* Frameworks */,
				6EB92A532BD86C8C004D59D0 /* Resources */,
			);
			buildRules = (
			);
			dependencies = (
			);
			name = FriendsFavoriteMovies;
			productName = FriendsFavoriteMovies;
			productReference = 6EB92A552BD86C8C004D59D0 /* FriendsFavoriteMovies.app */;
			productType = "com.apple.product-type.application";
		};
/* End PBXNativeTarget section */

/* Begin PBXProject section */
		6EB92A4D2BD86C8C004D59D0 /* Project object */ = {
			isa = PBXProject;
			attributes = {
				BuildIndependentTargetsInParallel = 1;
				LastSwiftUpdateCheck = 1530;
				LastUpgradeCheck = 1530;
				TargetAttributes = {
					6EB92A542BD86C8C004D59D0 = {
						CreatedOnToolsVersion = 15.3;
					};
				};
			};
			buildConfigurationList = 6EB92A502BD86C8C004D59D0 /* Build configuration list for PBXProject "FriendsFavoriteMovies" */;
			compatibilityVersion = "Xcode 14.0";
			developmentRegion = en;
			hasScannedForEncodings = 0;
			knownRegions = (
				en,
				Base,
			);
			mainGroup = 6EB92A4C2BD86C8C004D59D0;
			productRefGroup = 6EB92A562BD86C8C004D59D0 /* Products */;
			projectDirPath = "";
			projectRoot = "";
			targets = (
				6EB92A542BD86C8C004D59D0 /* FriendsFavoriteMovies */,
			);
		};
/* End PBXProject section */

/* Begin PBXResourcesBuildPhase section */
		6EB92A532BD86C8C004D59D0 /* Resources */ = {
			isa = PBXResourcesBuildPhase;
			buildActionMask = 2147483647;
			files = (
				6EB92A622BD86C8F004D59D0 /* Preview Assets.xcassets in Resources */,
				6EB92A5F2BD86C8F004D59D0 /* Assets.xcassets in Resources */,
			);
			runOnlyForDeploymentPostprocessing = 0;
		};
/* End PBXResourcesBuildPhase section */

/* Begin PBXSourcesBuildPhase section */
		6EB92A512BD86C8C004D59D0 /* Sources */ = {
			isa = PBXSourcesBuildPhase;
			buildActionMask = 2147483647;
			files = (
				6E402D3E2BDEEBC000356275 /* FriendDetail.swift in Sources */,
				6EB92A5B2BD86C8C004D59D0 /*  MovieList.swift in Sources */,
				6EB92A5D2BD86C8C004D59D0 /* Movie.swift in Sources */,
				6EEEF74F2BDA448F00858A12 /* MovieDetail.swift in Sources */,
				6E402D402BDEF1A000356275 /*  ContentView.swift in Sources */,
				6E402CFF2BDECBA700356275 /* FriendList.swift in Sources */,
				6E402CFD2BDEC64B00356275 /* Friend.swift in Sources */,
				6E402D422BDEFFBB00356275 /* FilteredMovieList.swift in Sources */,
				6EB92A592BD86C8C004D59D0 /* FriendsFavoriteMoviesApp.swift in Sources */,
				6EEEF74D2BD9153400858A12 /* SampleData.swift in Sources */,
			);
			runOnlyForDeploymentPostprocessing = 0;
		};
/* End PBXSourcesBuildPhase section */

/* Begin XCBuildConfiguration section */
		6EB92A632BD86C8F004D59D0 /* Debug */ = {
			isa = XCBuildConfiguration;
			buildSettings = {
				ALWAYS_SEARCH_USER_PATHS = NO;
				ASSETCATALOG_COMPILER_GENERATE_SWIFT_ASSET_SYMBOL_EXTENSIONS = YES;
				CLANG_ANALYZER_NONNULL = YES;
				CLANG_ANALYZER_NUMBER_OBJECT_CONVERSION = YES_AGGRESSIVE;
				CLANG_CXX_LANGUAGE_STANDARD = "gnu++20";
				CLANG_ENABLE_MODULES = YES;
				CLANG_ENABLE_OBJC_ARC = YES;
				CLANG_ENABLE_OBJC_WEAK = YES;
				CLANG_WARN_BLOCK_CAPTURE_AUTORELEASING = YES;
				CLANG_WARN_BOOL_CONVERSION = YES;
				CLANG_WARN_COMMA = YES;
				CLANG_WARN_CONSTANT_CONVERSION = YES;
				CLANG_WARN_DEPRECATED_OBJC_IMPLEMENTATIONS = YES;
				CLANG_WARN_DIRECT_OBJC_ISA_USAGE = YES_ERROR;
				CLANG_WARN_DOCUMENTATION_COMMENTS = YES;
				CLANG_WARN_EMPTY_BODY = YES;
				CLANG_WARN_ENUM_CONVERSION = YES;
				CLANG_WARN_INFINITE_RECURSION = YES;
				CLANG_WARN_INT_CONVERSION = YES;
				CLANG_WARN_NON_LITERAL_NULL_CONVERSION = YES;
				CLANG_WARN_OBJC_IMPLICIT_RETAIN_SELF = YES;
				CLANG_WARN_OBJC_LITERAL_CONVERSION = YES;
				CLANG_WARN_OBJC_ROOT_CLASS = YES_ERROR;
				CLANG_WARN_QUOTED_INCLUDE_IN_FRAMEWORK_HEADER = YES;
				CLANG_WARN_RANGE_LOOP_ANALYSIS = YES;
				CLANG_WARN_STRICT_PROTOTYPES = YES;
				CLANG_WARN_SUSPICIOUS_MOVE = YES;
				CLANG_WARN_UNGUARDED_AVAILABILITY = YES_AGGRESSIVE;
				CLANG_WARN_UNREACHABLE_CODE = YES;
				CLANG_WARN__DUPLICATE_METHOD_MATCH = YES;
				COPY_PHASE_STRIP = NO;
				DEBUG_INFORMATION_FORMAT = dwarf;
				ENABLE_STRICT_OBJC_MSGSEND = YES;
				ENABLE_TESTABILITY = YES;
				ENABLE_USER_SCRIPT_SANDBOXING = YES;
				GCC_C_LANGUAGE_STANDARD = gnu17;
				GCC_DYNAMIC_NO_PIC = NO;
				GCC_NO_COMMON_BLOCKS = YES;
				GCC_OPTIMIZATION_LEVEL = 0;
				GCC_PREPROCESSOR_DEFINITIONS = (
					"DEBUG=1",
					"$(inherited)",
				);
				GCC_WARN_64_TO_32_BIT_CONVERSION = YES;
				GCC_WARN_ABOUT_RETURN_TYPE = YES_ERROR;
				GCC_WARN_UNDECLARED_SELECTOR = YES;
				GCC_WARN_UNINITIALIZED_AUTOS = YES_AGGRESSIVE;
				GCC_WARN_UNUSED_FUNCTION = YES;
				GCC_WARN_UNUSED_VARIABLE = YES;
				IPHONEOS_DEPLOYMENT_TARGET = 17.4;
				LOCALIZATION_PREFERS_STRING_CATALOGS = YES;
				MTL_ENABLE_DEBUG_INFO = INCLUDE_SOURCE;
				MTL_FAST_MATH = YES;
				ONLY_ACTIVE_ARCH = YES;
				SDKROOT = iphoneos;
				SWIFT_ACTIVE_COMPILATION_CONDITIONS = "DEBUG $(inherited)";
				SWIFT_OPTIMIZATION_LEVEL = "-Onone";
			};
			name = Debug;
		};
		6EB92A642BD86C8F004D59D0 /* Release */ = {
			isa = XCBuildConfiguration;
			buildSettings = {
				ALWAYS_SEARCH_USER_PATHS = NO;
				ASSETCATALOG_COMPILER_GENERATE_SWIFT_ASSET_SYMBOL_EXTENSIONS = YES;
				CLANG_ANALYZER_NONNULL = YES;
				CLANG_ANALYZER_NUMBER_OBJECT_CONVERSION = YES_AGGRESSIVE;
				CLANG_CXX_LANGUAGE_STANDARD = "gnu++20";
				CLANG_ENABLE_MODULES = YES;
				CLANG_ENABLE_OBJC_ARC = YES;
				CLANG_ENABLE_OBJC_WEAK = YES;
				CLANG_WARN_BLOCK_CAPTURE_AUTORELEASING = YES;
				CLANG_WARN_BOOL_CONVERSION = YES;
				CLANG_WARN_COMMA = YES;
				CLANG_WARN_CONSTANT_CONVERSION = YES;
				CLANG_WARN_DEPRECATED_OBJC_IMPLEMENTATIONS = YES;
				CLANG_WARN_DIRECT_OBJC_ISA_USAGE = YES_ERROR;
				CLANG_WARN_DOCUMENTATION_COMMENTS = YES;
				CLANG_WARN_EMPTY_BODY = YES;
				CLANG_WARN_ENUM_CONVERSION = YES;
				CLANG_WARN_INFINITE_RECURSION = YES;
				CLANG_WARN_INT_CONVERSION = YES;
				CLANG_WARN_NON_LITERAL_NULL_CONVERSION = YES;
				CLANG_WARN_OBJC_IMPLICIT_RETAIN_SELF = YES;
				CLANG_WARN_OBJC_LITERAL_CONVERSION = YES;
				CLANG_WARN_OBJC_ROOT_CLASS = YES_ERROR;
				CLANG_WARN_QUOTED_INCLUDE_IN_FRAMEWORK_HEADER = YES;
				CLANG_WARN_RANGE_LOOP_ANALYSIS = YES;
				CLANG_WARN_STRICT_PROTOTYPES = YES;
				CLANG_WARN_SUSPICIOUS_MOVE = YES;
				CLANG_WARN_UNGUARDED_AVAILABILITY = YES_AGGRESSIVE;
				CLANG_WARN_UNREACHABLE_CODE = YES;
				CLANG_WARN__DUPLICATE_METHOD_MATCH = YES;
				COPY_PHASE_STRIP = NO;
				DEBUG_INFORMATION_FORMAT = "dwarf-with-dsym";
				ENABLE_NS_ASSERTIONS = NO;
				ENABLE_STRICT_OBJC_MSGSEND = YES;
				ENABLE_USER_SCRIPT_SANDBOXING = YES;
				GCC_C_LANGUAGE_STANDARD = gnu17;
				GCC_NO_COMMON_BLOCKS = YES;
				GCC_WARN_64_TO_32_BIT_CONVERSION = YES;
				GCC_WARN_ABOUT_RETURN_TYPE = YES_ERROR;
				GCC_WARN_UNDECLARED_SELECTOR = YES;
				GCC_WARN_UNINITIALIZED_AUTOS = YES_AGGRESSIVE;
				GCC_WARN_UNUSED_FUNCTION = YES;
				GCC_WARN_UNUSED_VARIABLE = YES;
				IPHONEOS_DEPLOYMENT_TARGET = 17.4;
				LOCALIZATION_PREFERS_STRING_CATALOGS = YES;
				MTL_ENABLE_DEBUG_INFO = NO;
				MTL_FAST_MATH = YES;
				SDKROOT = iphoneos;
				SWIFT_COMPILATION_MODE = wholemodule;
				VALIDATE_PRODUCT = YES;
			};
			name = Release;
		};
		6EB92A662BD86C8F004D59D0 /* Debug */ = {
			isa = XCBuildConfiguration;
			buildSettings = {
				ASSETCATALOG_COMPILER_APPICON_NAME = AppIcon;
				ASSETCATALOG_COMPILER_GLOBAL_ACCENT_COLOR_NAME = AccentColor;
				CODE_SIGN_STYLE = Automatic;
				CURRENT_PROJECT_VERSION = 1;
				DEVELOPMENT_ASSET_PATHS = "\"FriendsFavoriteMovies/Preview Content\"";
				DEVELOPMENT_TEAM = W5HZTU6SV8;
				ENABLE_PREVIEWS = YES;
				GENERATE_INFOPLIST_FILE = YES;
				INFOPLIST_KEY_UIApplicationSceneManifest_Generation = YES;
				INFOPLIST_KEY_UIApplicationSupportsIndirectInputEvents = YES;
				INFOPLIST_KEY_UILaunchScreen_Generation = YES;
				INFOPLIST_KEY_UISupportedInterfaceOrientations_iPad = "UIInterfaceOrientationPortrait UIInterfaceOrientationPortraitUpsideDown UIInterfaceOrientationLandscapeLeft UIInterfaceOrientationLandscapeRight";
				INFOPLIST_KEY_UISupportedInterfaceOrientations_iPhone = "UIInterfaceOrientationPortrait UIInterfaceOrientationLandscapeLeft UIInterfaceOrientationLandscapeRight";
				LD_RUNPATH_SEARCH_PATHS = (
					"$(inherited)",
					"@executable_path/Frameworks",
				);
				MARKETING_VERSION = 1.0;
				PRODUCT_BUNDLE_IDENTIFIER = com.lordzzz.FriendsFavoriteMovies;
				PRODUCT_NAME = "$(TARGET_NAME)";
				SWIFT_EMIT_LOC_STRINGS = YES;
				SWIFT_VERSION = 5.0;
				TARGETED_DEVICE_FAMILY = "1,2";
			};
			name = Debug;
		};
		6EB92A672BD86C8F004D59D0 /* Release */ = {
			isa = XCBuildConfiguration;
			buildSettings = {
				ASSETCATALOG_COMPILER_APPICON_NAME = AppIcon;
				ASSETCATALOG_COMPILER_GLOBAL_ACCENT_COLOR_NAME = AccentColor;
				CODE_SIGN_STYLE = Automatic;
				CURRENT_PROJECT_VERSION = 1;
				DEVELOPMENT_ASSET_PATHS = "\"FriendsFavoriteMovies/Preview Content\"";
				DEVELOPMENT_TEAM = W5HZTU6SV8;
				ENABLE_PREVIEWS = YES;
				GENERATE_INFOPLIST_FILE = YES;
				INFOPLIST_KEY_UIApplicationSceneManifest_Generation = YES;
				INFOPLIST_KEY_UIApplicationSupportsIndirectInputEvents = YES;
				INFOPLIST_KEY_UILaunchScreen_Generation = YES;
				INFOPLIST_KEY_UISupportedInterfaceOrientations_iPad = "UIInterfaceOrientationPortrait UIInterfaceOrientationPortraitUpsideDown UIInterfaceOrientationLandscapeLeft UIInterfaceOrientationLandscapeRight";
				INFOPLIST_KEY_UISupportedInterfaceOrientations_iPhone = "UIInterfaceOrientationPortrait UIInterfaceOrientationLandscapeLeft UIInterfaceOrientationLandscapeRight";
				LD_RUNPATH_SEARCH_PATHS = (
					"$(inherited)",
					"@executable_path/Frameworks",
				);
				MARKETING_VERSION = 1.0;
				PRODUCT_BUNDLE_IDENTIFIER = com.lordzzz.FriendsFavoriteMovies;
				PRODUCT_NAME = "$(TARGET_NAME)";
				SWIFT_EMIT_LOC_STRINGS = YES;
				SWIFT_VERSION = 5.0;
				TARGETED_DEVICE_FAMILY = "1,2";
			};
			name = Release;
		};
/* End XCBuildConfiguration section */

/* Begin XCConfigurationList section */
		6EB92A502BD86C8C004D59D0 /* Build configuration list for PBXProject "FriendsFavoriteMovies" */ = {
			isa = XCConfigurationList;
			buildConfigurations = (
				6EB92A632BD86C8F004D59D0 /* Debug */,
				6EB92A642BD86C8F004D59D0 /* Release */,
			);
			defaultConfigurationIsVisible = 0;
			defaultConfigurationName = Release;
		};
		6EB92A652BD86C8F004D59D0 /* Build configuration list for PBXNativeTarget "FriendsFavoriteMovies" */ = {
			isa = XCConfigurationList;
			buildConfigurations = (
				6EB92A662BD86C8F004D59D0 /* Debug */,
				6EB92A672BD86C8F004D59D0 /* Release */,
			);
			defaultConfigurationIsVisible = 0;
			defaultConfigurationName = Release;
		};
/* End XCConfigurationList section */
	};
	rootObject = 6EB92A4D2BD86C8C004D59D0 /* Project object */;
}
