// !$*UTF8*$!
{
	archiveVersion = 1;
	classes = {
	};
	objectVersion = 56;
	objects = {

/* Begin PBXBuildFile section */
		6E56738F2C5B6CEA002CF2D7 /* TutorialName.swift in Sources */ = {isa = PBXBuildFile; fileRef = 6E56738E2C5B6CEA002CF2D7 /* TutorialName.swift */; };
		6E5673932C5B70CF002CF2D7 /* AddingHapticEffects.swift in Sources */ = {isa = PBXBuildFile; fileRef = 6E5673922C5B70CF002CF2D7 /* AddingHapticEffects.swift */; };
		6E5673952C5B738B002CF2D7 /* AddingHapticEffects2.swift in Sources */ = {isa = PBXBuildFile; fileRef = 6E5673942C5B738B002CF2D7 /* AddingHapticEffects2.swift */; };
		6E5673972C5B75D2002CF2D7 /* Order.swift in Sources */ = {isa = PBXBuildFile; fileRef = 6E5673962C5B75D2002CF2D7 /* Order.swift */; };
		6E5673992C5B78B6002CF2D7 /* AddressView.swift in Sources */ = {isa = PBXBuildFile; fileRef = 6E5673982C5B78B6002CF2D7 /* AddressView.swift */; };
		6EE875682C5A13D800A34D14 /* CupcakeCornerApp.swift in Sources */ = {isa = PBXBuildFile; fileRef = 6EE875672C5A13D800A34D14 /* CupcakeCornerApp.swift */; };
		6EE8756A2C5A13D800A34D14 /* ContentView.swift in Sources */ = {isa = PBXBuildFile; fileRef = 6EE875692C5A13D800A34D14 /* ContentView.swift */; };
		6EE8756C2C5A13DB00A34D14 /* Assets.xcassets in Resources */ = {isa = PBXBuildFile; fileRef = 6EE8756B2C5A13DB00A34D14 /* Assets.xcassets */; };
		6EE8756F2C5A13DB00A34D14 /* Preview Assets.xcassets in Resources */ = {isa = PBXBuildFile; fileRef = 6EE8756E2C5A13DB00A34D14 /* Preview Assets.xcassets */; };
		6EE875782C5A14C000A34D14 /* MusicModel.swift in Sources */ = {isa = PBXBuildFile; fileRef = 6EE875772C5A14C000A34D14 /* MusicModel.swift */; };
		6EE8757B2C5A15F500A34D14 /* musicListView.swift in Sources */ = {isa = PBXBuildFile; fileRef = 6EE8757A2C5A15F500A34D14 /* musicListView.swift */; };
		6EE8757D2C5A24EA00A34D14 /* ValidatingAndDisablimgForms.swift in Sources */ = {isa = PBXBuildFile; fileRef = 6EE8757C2C5A24EA00A34D14 /* ValidatingAndDisablimgForms.swift */; };
		6EE8757F2C5A28F800A34D14 /* ImageURL.swift in Sources */ = {isa = PBXBuildFile; fileRef = 6EE8757E2C5A28F800A34D14 /* ImageURL.swift */; };
/* End PBXBuildFile section */

/* Begin PBXFileReference section */
		6E56738E2C5B6CEA002CF2D7 /* TutorialName.swift */ = {isa = PBXFileReference; lastKnownFileType = sourcecode.swift; path = TutorialName.swift; sourceTree = "<group>"; };
		6E5673922C5B70CF002CF2D7 /* AddingHapticEffects.swift */ = {isa = PBXFileReference; lastKnownFileType = sourcecode.swift; path = AddingHapticEffects.swift; sourceTree = "<group>"; };
		6E5673942C5B738B002CF2D7 /* AddingHapticEffects2.swift */ = {isa = PBXFileReference; lastKnownFileType = sourcecode.swift; path = AddingHapticEffects2.swift; sourceTree = "<group>"; };
		6E5673962C5B75D2002CF2D7 /* Order.swift */ = {isa = PBXFileReference; lastKnownFileType = sourcecode.swift; path = Order.swift; sourceTree = "<group>"; };
		6E5673982C5B78B6002CF2D7 /* AddressView.swift */ = {isa = PBXFileReference; lastKnownFileType = sourcecode.swift; path = AddressView.swift; sourceTree = "<group>"; };
		6EE875642C5A13D800A34D14 /* CupcakeCorner.app */ = {isa = PBXFileReference; explicitFileType = wrapper.application; includeInIndex = 0; path = CupcakeCorner.app; sourceTree = BUILT_PRODUCTS_DIR; };
		6EE875672C5A13D800A34D14 /* CupcakeCornerApp.swift */ = {isa = PBXFileReference; lastKnownFileType = sourcecode.swift; path = CupcakeCornerApp.swift; sourceTree = "<group>"; };
		6EE875692C5A13D800A34D14 /* ContentView.swift */ = {isa = PBXFileReference; lastKnownFileType = sourcecode.swift; path = ContentView.swift; sourceTree = "<group>"; };
		6EE8756B2C5A13DB00A34D14 /* Assets.xcassets */ = {isa = PBXFileReference; lastKnownFileType = folder.assetcatalog; path = Assets.xcassets; sourceTree = "<group>"; };
		6EE8756E2C5A13DB00A34D14 /* Preview Assets.xcassets */ = {isa = PBXFileReference; lastKnownFileType = folder.assetcatalog; path = "Preview Assets.xcassets"; sourceTree = "<group>"; };
		6EE875772C5A14C000A34D14 /* MusicModel.swift */ = {isa = PBXFileReference; lastKnownFileType = sourcecode.swift; path = MusicModel.swift; sourceTree = "<group>"; };
		6EE8757A2C5A15F500A34D14 /* musicListView.swift */ = {isa = PBXFileReference; lastKnownFileType = sourcecode.swift; path = musicListView.swift; sourceTree = "<group>"; };
		6EE8757C2C5A24EA00A34D14 /* ValidatingAndDisablimgForms.swift */ = {isa = PBXFileReference; lastKnownFileType = sourcecode.swift; path = ValidatingAndDisablimgForms.swift; sourceTree = "<group>"; };
		6EE8757E2C5A28F800A34D14 /* ImageURL.swift */ = {isa = PBXFileReference; lastKnownFileType = sourcecode.swift; path = ImageURL.swift; sourceTree = "<group>"; };
/* End PBXFileReference section */

/* Begin PBXFrameworksBuildPhase section */
		6EE875612C5A13D800A34D14 /* Frameworks */ = {
			isa = PBXFrameworksBuildPhase;
			buildActionMask = 2147483647;
			files = (
			);
			runOnlyForDeploymentPostprocessing = 0;
		};
/* End PBXFrameworksBuildPhase section */

/* Begin PBXGroup section */
		6E5673902C5B704A002CF2D7 /* Tutorial2 */ = {
			isa = PBXGroup;
			children = (
				6E56738E2C5B6CEA002CF2D7 /* TutorialName.swift */,
			);
			path = Tutorial2;
			sourceTree = "<group>";
		};
		6E5673912C5B707D002CF2D7 /* Tutorial3 */ = {
			isa = PBXGroup;
			children = (
				6E5673922C5B70CF002CF2D7 /* AddingHapticEffects.swift */,
				6E5673942C5B738B002CF2D7 /* AddingHapticEffects2.swift */,
			);
			path = Tutorial3;
			sourceTree = "<group>";
		};
		6EE8755B2C5A13D800A34D14 = {
			isa = PBXGroup;
			children = (
				6EE875662C5A13D800A34D14 /* CupcakeCorner */,
				6EE875652C5A13D800A34D14 /* Products */,
			);
			sourceTree = "<group>";
		};
		6EE875652C5A13D800A34D14 /* Products */ = {
			isa = PBXGroup;
			children = (
				6EE875642C5A13D800A34D14 /* CupcakeCorner.app */,
			);
			name = Products;
			sourceTree = "<group>";
		};
		6EE875662C5A13D800A34D14 /* CupcakeCorner */ = {
			isa = PBXGroup;
			children = (
				6EE875762C5A149C00A34D14 /* Tutorial1 */,
				6E5673902C5B704A002CF2D7 /* Tutorial2 */,
				6E5673912C5B707D002CF2D7 /* Tutorial3 */,
				6EE875672C5A13D800A34D14 /* CupcakeCornerApp.swift */,
				6E5673962C5B75D2002CF2D7 /* Order.swift */,
				6EE875692C5A13D800A34D14 /* ContentView.swift */,
				6E5673982C5B78B6002CF2D7 /* AddressView.swift */,
				6EE8756B2C5A13DB00A34D14 /* Assets.xcassets */,
				6EE8756D2C5A13DB00A34D14 /* Preview Content */,
			);
			path = CupcakeCorner;
			sourceTree = "<group>";
		};
		6EE8756D2C5A13DB00A34D14 /* Preview Content */ = {
			isa = PBXGroup;
			children = (
				6EE8756E2C5A13DB00A34D14 /* Preview Assets.xcassets */,
			);
			path = "Preview Content";
			sourceTree = "<group>";
		};
		6EE875752C5A145200A34D14 /* Model */ = {
			isa = PBXGroup;
			children = (
				6EE875772C5A14C000A34D14 /* MusicModel.swift */,
			);
			path = Model;
			sourceTree = "<group>";
		};
		6EE875762C5A149C00A34D14 /* Tutorial1 */ = {
			isa = PBXGroup;
			children = (
				6EE875792C5A15AA00A34D14 /* Views */,
				6EE875752C5A145200A34D14 /* Model */,
			);
			path = Tutorial1;
			sourceTree = "<group>";
		};
		6EE875792C5A15AA00A34D14 /* Views */ = {
			isa = PBXGroup;
			children = (
				6EE8757A2C5A15F500A34D14 /* musicListView.swift */,
				6EE8757C2C5A24EA00A34D14 /* ValidatingAndDisablimgForms.swift */,
				6EE8757E2C5A28F800A34D14 /* ImageURL.swift */,
			);
			path = Views;
			sourceTree = "<group>";
		};
/* End PBXGroup section */

/* Begin PBXNativeTarget section */
		6EE875632C5A13D800A34D14 /* CupcakeCorner */ = {
			isa = PBXNativeTarget;
			buildConfigurationList = 6EE875722C5A13DB00A34D14 /* Build configuration list for PBXNativeTarget "CupcakeCorner" */;
			buildPhases = (
				6EE875602C5A13D800A34D14 /* Sources */,
				6EE875612C5A13D800A34D14 /* Frameworks */,
				6EE875622C5A13D800A34D14 /* Resources */,
			);
			buildRules = (
			);
			dependencies = (
			);
			name = CupcakeCorner;
			productName = CupcakeCorner;
			productReference = 6EE875642C5A13D800A34D14 /* CupcakeCorner.app */;
			productType = "com.apple.product-type.application";
		};
/* End PBXNativeTarget section */

/* Begin PBXProject section */
		6EE8755C2C5A13D800A34D14 /* Project object */ = {
			isa = PBXProject;
			attributes = {
				BuildIndependentTargetsInParallel = 1;
				LastSwiftUpdateCheck = 1540;
				LastUpgradeCheck = 1540;
				TargetAttributes = {
					6EE875632C5A13D800A34D14 = {
						CreatedOnToolsVersion = 15.4;
					};
				};
			};
			buildConfigurationList = 6EE8755F2C5A13D800A34D14 /* Build configuration list for PBXProject "CupcakeCorner" */;
			compatibilityVersion = "Xcode 14.0";
			developmentRegion = en;
			hasScannedForEncodings = 0;
			knownRegions = (
				en,
				Base,
			);
			mainGroup = 6EE8755B2C5A13D800A34D14;
			productRefGroup = 6EE875652C5A13D800A34D14 /* Products */;
			projectDirPath = "";
			projectRoot = "";
			targets = (
				6EE875632C5A13D800A34D14 /* CupcakeCorner */,
			);
		};
/* End PBXProject section */

/* Begin PBXResourcesBuildPhase section */
		6EE875622C5A13D800A34D14 /* Resources */ = {
			isa = PBXResourcesBuildPhase;
			buildActionMask = 2147483647;
			files = (
				6EE8756F2C5A13DB00A34D14 /* Preview Assets.xcassets in Resources */,
				6EE8756C2C5A13DB00A34D14 /* Assets.xcassets in Resources */,
			);
			runOnlyForDeploymentPostprocessing = 0;
		};
/* End PBXResourcesBuildPhase section */

/* Begin PBXSourcesBuildPhase section */
		6EE875602C5A13D800A34D14 /* Sources */ = {
			isa = PBXSourcesBuildPhase;
			buildActionMask = 2147483647;
			files = (
				6EE8757D2C5A24EA00A34D14 /* ValidatingAndDisablimgForms.swift in Sources */,
				6E56738F2C5B6CEA002CF2D7 /* TutorialName.swift in Sources */,
				6E5673972C5B75D2002CF2D7 /* Order.swift in Sources */,
				6EE8756A2C5A13D800A34D14 /* ContentView.swift in Sources */,
				6EE875782C5A14C000A34D14 /* MusicModel.swift in Sources */,
				6E5673952C5B738B002CF2D7 /* AddingHapticEffects2.swift in Sources */,
				6E5673992C5B78B6002CF2D7 /* AddressView.swift in Sources */,
				6E5673932C5B70CF002CF2D7 /* AddingHapticEffects.swift in Sources */,
				6EE8757F2C5A28F800A34D14 /* ImageURL.swift in Sources */,
				6EE8757B2C5A15F500A34D14 /* musicListView.swift in Sources */,
				6EE875682C5A13D800A34D14 /* CupcakeCornerApp.swift in Sources */,
			);
			runOnlyForDeploymentPostprocessing = 0;
		};
/* End PBXSourcesBuildPhase section */

/* Begin XCBuildConfiguration section */
		6EE875702C5A13DB00A34D14 /* Debug */ = {
			isa = XCBuildConfiguration;
			buildSettings = {
				ALWAYS_SEARCH_USER_PATHS = NO;
				ASSETCATALOG_COMPILER_GENERATE_SWIFT_ASSET_SYMBOL_EXTENSIONS = YES;
				CLANG_ANALYZER_NONNULL = YES;
				CLANG_ANALYZER_NUMBER_OBJECT_CONVERSION = YES_AGGRESSIVE;
				CLANG_CXX_LANGUAGE_STANDARD = "gnu++20";
				CLANG_ENABLE_MODULES = YES;
				CLANG_ENABLE_OBJC_ARC = YES;
				CLANG_ENABLE_OBJC_WEAK = YES;
				CLANG_WARN_BLOCK_CAPTURE_AUTORELEASING = YES;
				CLANG_WARN_BOOL_CONVERSION = YES;
				CLANG_WARN_COMMA = YES;
				CLANG_WARN_CONSTANT_CONVERSION = YES;
				CLANG_WARN_DEPRECATED_OBJC_IMPLEMENTATIONS = YES;
				CLANG_WARN_DIRECT_OBJC_ISA_USAGE = YES_ERROR;
				CLANG_WARN_DOCUMENTATION_COMMENTS = YES;
				CLANG_WARN_EMPTY_BODY = YES;
				CLANG_WARN_ENUM_CONVERSION = YES;
				CLANG_WARN_INFINITE_RECURSION = YES;
				CLANG_WARN_INT_CONVERSION = YES;
				CLANG_WARN_NON_LITERAL_NULL_CONVERSION = YES;
				CLANG_WARN_OBJC_IMPLICIT_RETAIN_SELF = YES;
				CLANG_WARN_OBJC_LITERAL_CONVERSION = YES;
				CLANG_WARN_OBJC_ROOT_CLASS = YES_ERROR;
				CLANG_WARN_QUOTED_INCLUDE_IN_FRAMEWORK_HEADER = YES;
				CLANG_WARN_RANGE_LOOP_ANALYSIS = YES;
				CLANG_WARN_STRICT_PROTOTYPES = YES;
				CLANG_WARN_SUSPICIOUS_MOVE = YES;
				CLANG_WARN_UNGUARDED_AVAILABILITY = YES_AGGRESSIVE;
				CLANG_WARN_UNREACHABLE_CODE = YES;
				CLANG_WARN__DUPLICATE_METHOD_MATCH = YES;
				COPY_PHASE_STRIP = NO;
				DEBUG_INFORMATION_FORMAT = dwarf;
				ENABLE_STRICT_OBJC_MSGSEND = YES;
				ENABLE_TESTABILITY = YES;
				ENABLE_USER_SCRIPT_SANDBOXING = YES;
				GCC_C_LANGUAGE_STANDARD = gnu17;
				GCC_DYNAMIC_NO_PIC = NO;
				GCC_NO_COMMON_BLOCKS = YES;
				GCC_OPTIMIZATION_LEVEL = 0;
				GCC_PREPROCESSOR_DEFINITIONS = (
					"DEBUG=1",
					"$(inherited)",
				);
				GCC_WARN_64_TO_32_BIT_CONVERSION = YES;
				GCC_WARN_ABOUT_RETURN_TYPE = YES_ERROR;
				GCC_WARN_UNDECLARED_SELECTOR = YES;
				GCC_WARN_UNINITIALIZED_AUTOS = YES_AGGRESSIVE;
				GCC_WARN_UNUSED_FUNCTION = YES;
				GCC_WARN_UNUSED_VARIABLE = YES;
				IPHONEOS_DEPLOYMENT_TARGET = 17.5;
				LOCALIZATION_PREFERS_STRING_CATALOGS = YES;
				MTL_ENABLE_DEBUG_INFO = INCLUDE_SOURCE;
				MTL_FAST_MATH = YES;
				ONLY_ACTIVE_ARCH = YES;
				SDKROOT = iphoneos;
				SWIFT_ACTIVE_COMPILATION_CONDITIONS = "DEBUG $(inherited)";
				SWIFT_OPTIMIZATION_LEVEL = "-Onone";
			};
			name = Debug;
		};
		6EE875712C5A13DB00A34D14 /* Release */ = {
			isa = XCBuildConfiguration;
			buildSettings = {
				ALWAYS_SEARCH_USER_PATHS = NO;
				ASSETCATALOG_COMPILER_GENERATE_SWIFT_ASSET_SYMBOL_EXTENSIONS = YES;
				CLANG_ANALYZER_NONNULL = YES;
				CLANG_ANALYZER_NUMBER_OBJECT_CONVERSION = YES_AGGRESSIVE;
				CLANG_CXX_LANGUAGE_STANDARD = "gnu++20";
				CLANG_ENABLE_MODULES = YES;
				CLANG_ENABLE_OBJC_ARC = YES;
				CLANG_ENABLE_OBJC_WEAK = YES;
				CLANG_WARN_BLOCK_CAPTURE_AUTORELEASING = YES;
				CLANG_WARN_BOOL_CONVERSION = YES;
				CLANG_WARN_COMMA = YES;
				CLANG_WARN_CONSTANT_CONVERSION = YES;
				CLANG_WARN_DEPRECATED_OBJC_IMPLEMENTATIONS = YES;
				CLANG_WARN_DIRECT_OBJC_ISA_USAGE = YES_ERROR;
				CLANG_WARN_DOCUMENTATION_COMMENTS = YES;
				CLANG_WARN_EMPTY_BODY = YES;
				CLANG_WARN_ENUM_CONVERSION = YES;
				CLANG_WARN_INFINITE_RECURSION = YES;
				CLANG_WARN_INT_CONVERSION = YES;
				CLANG_WARN_NON_LITERAL_NULL_CONVERSION = YES;
				CLANG_WARN_OBJC_IMPLICIT_RETAIN_SELF = YES;
				CLANG_WARN_OBJC_LITERAL_CONVERSION = YES;
				CLANG_WARN_OBJC_ROOT_CLASS = YES_ERROR;
				CLANG_WARN_QUOTED_INCLUDE_IN_FRAMEWORK_HEADER = YES;
				CLANG_WARN_RANGE_LOOP_ANALYSIS = YES;
				CLANG_WARN_STRICT_PROTOTYPES = YES;
				CLANG_WARN_SUSPICIOUS_MOVE = YES;
				CLANG_WARN_UNGUARDED_AVAILABILITY = YES_AGGRESSIVE;
				CLANG_WARN_UNREACHABLE_CODE = YES;
				CLANG_WARN__DUPLICATE_METHOD_MATCH = YES;
				COPY_PHASE_STRIP = NO;
				DEBUG_INFORMATION_FORMAT = "dwarf-with-dsym";
				ENABLE_NS_ASSERTIONS = NO;
				ENABLE_STRICT_OBJC_MSGSEND = YES;
				ENABLE_USER_SCRIPT_SANDBOXING = YES;
				GCC_C_LANGUAGE_STANDARD = gnu17;
				GCC_NO_COMMON_BLOCKS = YES;
				GCC_WARN_64_TO_32_BIT_CONVERSION = YES;
				GCC_WARN_ABOUT_RETURN_TYPE = YES_ERROR;
				GCC_WARN_UNDECLARED_SELECTOR = YES;
				GCC_WARN_UNINITIALIZED_AUTOS = YES_AGGRESSIVE;
				GCC_WARN_UNUSED_FUNCTION = YES;
				GCC_WARN_UNUSED_VARIABLE = YES;
				IPHONEOS_DEPLOYMENT_TARGET = 17.5;
				LOCALIZATION_PREFERS_STRING_CATALOGS = YES;
				MTL_ENABLE_DEBUG_INFO = NO;
				MTL_FAST_MATH = YES;
				SDKROOT = iphoneos;
				SWIFT_COMPILATION_MODE = wholemodule;
				VALIDATE_PRODUCT = YES;
			};
			name = Release;
		};
		6EE875732C5A13DB00A34D14 /* Debug */ = {
			isa = XCBuildConfiguration;
			buildSettings = {
				ASSETCATALOG_COMPILER_APPICON_NAME = AppIcon;
				ASSETCATALOG_COMPILER_GLOBAL_ACCENT_COLOR_NAME = AccentColor;
				CODE_SIGN_STYLE = Automatic;
				CURRENT_PROJECT_VERSION = 1;
				DEVELOPMENT_ASSET_PATHS = "\"CupcakeCorner/Preview Content\"";
				DEVELOPMENT_TEAM = W5HZTU6SV8;
				ENABLE_PREVIEWS = YES;
				GENERATE_INFOPLIST_FILE = YES;
				INFOPLIST_KEY_UIApplicationSceneManifest_Generation = YES;
				INFOPLIST_KEY_UIApplicationSupportsIndirectInputEvents = YES;
				INFOPLIST_KEY_UILaunchScreen_Generation = YES;
				INFOPLIST_KEY_UISupportedInterfaceOrientations_iPad = "UIInterfaceOrientationPortrait UIInterfaceOrientationPortraitUpsideDown UIInterfaceOrientationLandscapeLeft UIInterfaceOrientationLandscapeRight";
				INFOPLIST_KEY_UISupportedInterfaceOrientations_iPhone = "UIInterfaceOrientationPortrait UIInterfaceOrientationLandscapeLeft UIInterfaceOrientationLandscapeRight";
				LD_RUNPATH_SEARCH_PATHS = (
					"$(inherited)",
					"@executable_path/Frameworks",
				);
				MARKETING_VERSION = 1.0;
				PRODUCT_BUNDLE_IDENTIFIER = com.lordzzz.CupcakeCorner;
				PRODUCT_NAME = "$(TARGET_NAME)";
				SWIFT_EMIT_LOC_STRINGS = YES;
				SWIFT_VERSION = 5.0;
				TARGETED_DEVICE_FAMILY = "1,2";
			};
			name = Debug;
		};
		6EE875742C5A13DB00A34D14 /* Release */ = {
			isa = XCBuildConfiguration;
			buildSettings = {
				ASSETCATALOG_COMPILER_APPICON_NAME = AppIcon;
				ASSETCATALOG_COMPILER_GLOBAL_ACCENT_COLOR_NAME = AccentColor;
				CODE_SIGN_STYLE = Automatic;
				CURRENT_PROJECT_VERSION = 1;
				DEVELOPMENT_ASSET_PATHS = "\"CupcakeCorner/Preview Content\"";
				DEVELOPMENT_TEAM = W5HZTU6SV8;
				ENABLE_PREVIEWS = YES;
				GENERATE_INFOPLIST_FILE = YES;
				INFOPLIST_KEY_UIApplicationSceneManifest_Generation = YES;
				INFOPLIST_KEY_UIApplicationSupportsIndirectInputEvents = YES;
				INFOPLIST_KEY_UILaunchScreen_Generation = YES;
				INFOPLIST_KEY_UISupportedInterfaceOrientations_iPad = "UIInterfaceOrientationPortrait UIInterfaceOrientationPortraitUpsideDown UIInterfaceOrientationLandscapeLeft UIInterfaceOrientationLandscapeRight";
				INFOPLIST_KEY_UISupportedInterfaceOrientations_iPhone = "UIInterfaceOrientationPortrait UIInterfaceOrientationLandscapeLeft UIInterfaceOrientationLandscapeRight";
				LD_RUNPATH_SEARCH_PATHS = (
					"$(inherited)",
					"@executable_path/Frameworks",
				);
				MARKETING_VERSION = 1.0;
				PRODUCT_BUNDLE_IDENTIFIER = com.lordzzz.CupcakeCorner;
				PRODUCT_NAME = "$(TARGET_NAME)";
				SWIFT_EMIT_LOC_STRINGS = YES;
				SWIFT_VERSION = 5.0;
				TARGETED_DEVICE_FAMILY = "1,2";
			};
			name = Release;
		};
/* End XCBuildConfiguration section */

/* Begin XCConfigurationList section */
		6EE8755F2C5A13D800A34D14 /* Build configuration list for PBXProject "CupcakeCorner" */ = {
			isa = XCConfigurationList;
			buildConfigurations = (
				6EE875702C5A13DB00A34D14 /* Debug */,
				6EE875712C5A13DB00A34D14 /* Release */,
			);
			defaultConfigurationIsVisible = 0;
			defaultConfigurationName = Release;
		};
		6EE875722C5A13DB00A34D14 /* Build configuration list for PBXNativeTarget "CupcakeCorner" */ = {
			isa = XCConfigurationList;
			buildConfigurations = (
				6EE875732C5A13DB00A34D14 /* Debug */,
				6EE875742C5A13DB00A34D14 /* Release */,
			);
			defaultConfigurationIsVisible = 0;
			defaultConfigurationName = Release;
		};
/* End XCConfigurationList section */
	};
	rootObject = 6EE8755C2C5A13D800A34D14 /* Project object */;
}
