// !$*UTF8*$!
{
	archiveVersion = 1;
	classes = {
	};
	objectVersion = 56;
	objects = {

/* Begin PBXBuildFile section */
		6EC4EEE52C4926ED008E71E2 /* Color-Theme.swift in Sources */ = {isa = PBXBuildFile; fileRef = 6EC4EEE42C4926ED008E71E2 /* Color-Theme.swift */; };
		6EC4EEE82C4A64C8008E71E2 /* MissionView.swift in Sources */ = {isa = PBXBuildFile; fileRef = 6EC4EEE72C4A64C8008E71E2 /* MissionView.swift */; };
		6EC4EEEA2C4B2B5E008E71E2 /* AstronautView.swift in Sources */ = {isa = PBXBuildFile; fileRef = 6EC4EEE92C4B2B5E008E71E2 /* AstronautView.swift */; };
		6ED18ACA2C18C4ED0035567E /* MoonshotApp.swift in Sources */ = {isa = PBXBuildFile; fileRef = 6ED18AC92C18C4ED0035567E /* MoonshotApp.swift */; };
		6ED18ACC2C18C4ED0035567E /* ContentView.swift in Sources */ = {isa = PBXBuildFile; fileRef = 6ED18ACB2C18C4ED0035567E /* ContentView.swift */; };
		6ED18ACE2C18C4F00035567E /* Assets.xcassets in Resources */ = {isa = PBXBuildFile; fileRef = 6ED18ACD2C18C4F00035567E /* Assets.xcassets */; };
		6ED18AD12C18C4F00035567E /* Preview Assets.xcassets in Resources */ = {isa = PBXBuildFile; fileRef = 6ED18AD02C18C4F00035567E /* Preview Assets.xcassets */; };
		6ED18AD92C18C58A0035567E /* Tutorial1.swift in Sources */ = {isa = PBXBuildFile; fileRef = 6ED18AD82C18C58A0035567E /* Tutorial1.swift */; };
		6ED18ADB2C18D6470035567E /* Tutorial2.swift in Sources */ = {isa = PBXBuildFile; fileRef = 6ED18ADA2C18D6470035567E /* Tutorial2.swift */; };
		6ED18ADD2C18DA590035567E /* Tutorial3.swift in Sources */ = {isa = PBXBuildFile; fileRef = 6ED18ADC2C18DA590035567E /* Tutorial3.swift */; };
		6ED18ADF2C18DFEC0035567E /* Tutorial4.swift in Sources */ = {isa = PBXBuildFile; fileRef = 6ED18ADE2C18DFEC0035567E /* Tutorial4.swift */; };
		6ED18AE12C18E1290035567E /* Tutorial5.swift in Sources */ = {isa = PBXBuildFile; fileRef = 6ED18AE02C18E1290035567E /* Tutorial5.swift */; };
		6EF9ED282C1A1B3F0030AF50 /* astronauts.json in Resources */ = {isa = PBXBuildFile; fileRef = 6EF9ED262C1A1B3F0030AF50 /* astronauts.json */; };
		6EF9ED292C1A1B3F0030AF50 /* missions.json in Resources */ = {isa = PBXBuildFile; fileRef = 6EF9ED272C1A1B3F0030AF50 /* missions.json */; };
		6EF9ED2B2C1A1BFC0030AF50 /* Astronaut.swift in Sources */ = {isa = PBXBuildFile; fileRef = 6EF9ED2A2C1A1BFC0030AF50 /* Astronaut.swift */; };
		6EF9ED2D2C1A1FB10030AF50 /* Bundle.swift in Sources */ = {isa = PBXBuildFile; fileRef = 6EF9ED2C2C1A1FB10030AF50 /* Bundle.swift */; };
		6EF9ED2F2C1A23680030AF50 /* MissionSwift.swift in Sources */ = {isa = PBXBuildFile; fileRef = 6EF9ED2E2C1A23680030AF50 /* MissionSwift.swift */; };
/* End PBXBuildFile section */

/* Begin PBXFileReference section */
		6EC4EEE42C4926ED008E71E2 /* Color-Theme.swift */ = {isa = PBXFileReference; lastKnownFileType = sourcecode.swift; path = "Color-Theme.swift"; sourceTree = "<group>"; };
		6EC4EEE72C4A64C8008E71E2 /* MissionView.swift */ = {isa = PBXFileReference; lastKnownFileType = sourcecode.swift; path = MissionView.swift; sourceTree = "<group>"; };
		6EC4EEE92C4B2B5E008E71E2 /* AstronautView.swift */ = {isa = PBXFileReference; lastKnownFileType = sourcecode.swift; path = AstronautView.swift; sourceTree = "<group>"; };
		6ED18AC62C18C4ED0035567E /* Moonshot.app */ = {isa = PBXFileReference; explicitFileType = wrapper.application; includeInIndex = 0; path = Moonshot.app; sourceTree = BUILT_PRODUCTS_DIR; };
		6ED18AC92C18C4ED0035567E /* MoonshotApp.swift */ = {isa = PBXFileReference; lastKnownFileType = sourcecode.swift; path = MoonshotApp.swift; sourceTree = "<group>"; };
		6ED18ACB2C18C4ED0035567E /* ContentView.swift */ = {isa = PBXFileReference; lastKnownFileType = sourcecode.swift; path = ContentView.swift; sourceTree = "<group>"; };
		6ED18ACD2C18C4F00035567E /* Assets.xcassets */ = {isa = PBXFileReference; lastKnownFileType = folder.assetcatalog; path = Assets.xcassets; sourceTree = "<group>"; };
		6ED18AD02C18C4F00035567E /* Preview Assets.xcassets */ = {isa = PBXFileReference; lastKnownFileType = folder.assetcatalog; path = "Preview Assets.xcassets"; sourceTree = "<group>"; };
		6ED18AD82C18C58A0035567E /* Tutorial1.swift */ = {isa = PBXFileReference; lastKnownFileType = sourcecode.swift; path = Tutorial1.swift; sourceTree = "<group>"; };
		6ED18ADA2C18D6470035567E /* Tutorial2.swift */ = {isa = PBXFileReference; lastKnownFileType = sourcecode.swift; path = Tutorial2.swift; sourceTree = "<group>"; };
		6ED18ADC2C18DA590035567E /* Tutorial3.swift */ = {isa = PBXFileReference; lastKnownFileType = sourcecode.swift; path = Tutorial3.swift; sourceTree = "<group>"; };
		6ED18ADE2C18DFEC0035567E /* Tutorial4.swift */ = {isa = PBXFileReference; lastKnownFileType = sourcecode.swift; path = Tutorial4.swift; sourceTree = "<group>"; };
		6ED18AE02C18E1290035567E /* Tutorial5.swift */ = {isa = PBXFileReference; lastKnownFileType = sourcecode.swift; path = Tutorial5.swift; sourceTree = "<group>"; };
		6EF9ED262C1A1B3F0030AF50 /* astronauts.json */ = {isa = PBXFileReference; fileEncoding = 4; lastKnownFileType = text.json; path = astronauts.json; sourceTree = "<group>"; };
		6EF9ED272C1A1B3F0030AF50 /* missions.json */ = {isa = PBXFileReference; fileEncoding = 4; lastKnownFileType = text.json; path = missions.json; sourceTree = "<group>"; };
		6EF9ED2A2C1A1BFC0030AF50 /* Astronaut.swift */ = {isa = PBXFileReference; lastKnownFileType = sourcecode.swift; path = Astronaut.swift; sourceTree = "<group>"; };
		6EF9ED2C2C1A1FB10030AF50 /* Bundle.swift */ = {isa = PBXFileReference; lastKnownFileType = sourcecode.swift; path = Bundle.swift; sourceTree = "<group>"; };
		6EF9ED2E2C1A23680030AF50 /* MissionSwift.swift */ = {isa = PBXFileReference; lastKnownFileType = sourcecode.swift; path = MissionSwift.swift; sourceTree = "<group>"; };
/* End PBXFileReference section */

/* Begin PBXFrameworksBuildPhase section */
		6ED18AC32C18C4ED0035567E /* Frameworks */ = {
			isa = PBXFrameworksBuildPhase;
			buildActionMask = 2147483647;
			files = (
			);
			runOnlyForDeploymentPostprocessing = 0;
		};
/* End PBXFrameworksBuildPhase section */

/* Begin PBXGroup section */
		6EC4EEE32C4926B4008E71E2 /* Tools */ = {
			isa = PBXGroup;
			children = (
				6EC4EEE42C4926ED008E71E2 /* Color-Theme.swift */,
			);
			path = Tools;
			sourceTree = "<group>";
		};
		6EC4EEE62C4A6496008E71E2 /* Views */ = {
			isa = PBXGroup;
			children = (
				6ED18ACB2C18C4ED0035567E /* ContentView.swift */,
				6EC4EEE72C4A64C8008E71E2 /* MissionView.swift */,
				6EC4EEE92C4B2B5E008E71E2 /* AstronautView.swift */,
			);
			path = Views;
			sourceTree = "<group>";
		};
		6ED18ABD2C18C4ED0035567E = {
			isa = PBXGroup;
			children = (
				6ED18AC82C18C4ED0035567E /* Moonshot */,
				6ED18AC72C18C4ED0035567E /* Products */,
			);
			sourceTree = "<group>";
		};
		6ED18AC72C18C4ED0035567E /* Products */ = {
			isa = PBXGroup;
			children = (
				6ED18AC62C18C4ED0035567E /* Moonshot.app */,
			);
			name = Products;
			sourceTree = "<group>";
		};
		6ED18AC82C18C4ED0035567E /* Moonshot */ = {
			isa = PBXGroup;
			children = (
				6ED18AC92C18C4ED0035567E /* MoonshotApp.swift */,
				6ED18AD72C18C4F70035567E /* Tutorial */,
				6EC4EEE32C4926B4008E71E2 /* Tools */,
				6EC4EEE62C4A6496008E71E2 /* Views */,
				6EF9ED252C1A1AB70030AF50 /* model */,
				6ED18ACF2C18C4F00035567E /* Preview Content */,
				6ED18ACD2C18C4F00035567E /* Assets.xcassets */,
			);
			path = Moonshot;
			sourceTree = "<group>";
		};
		6ED18ACF2C18C4F00035567E /* Preview Content */ = {
			isa = PBXGroup;
			children = (
				6EF9ED262C1A1B3F0030AF50 /* astronauts.json */,
				6EF9ED272C1A1B3F0030AF50 /* missions.json */,
				6ED18AD02C18C4F00035567E /* Preview Assets.xcassets */,
			);
			path = "Preview Content";
			sourceTree = "<group>";
		};
		6ED18AD72C18C4F70035567E /* Tutorial */ = {
			isa = PBXGroup;
			children = (
				6ED18AD82C18C58A0035567E /* Tutorial1.swift */,
				6ED18ADA2C18D6470035567E /* Tutorial2.swift */,
				6ED18ADC2C18DA590035567E /* Tutorial3.swift */,
				6ED18ADE2C18DFEC0035567E /* Tutorial4.swift */,
				6ED18AE02C18E1290035567E /* Tutorial5.swift */,
			);
			path = Tutorial;
			sourceTree = "<group>";
		};
		6EF9ED252C1A1AB70030AF50 /* model */ = {
			isa = PBXGroup;
			children = (
				6EF9ED2A2C1A1BFC0030AF50 /* Astronaut.swift */,
				6EF9ED2C2C1A1FB10030AF50 /* Bundle.swift */,
				6EF9ED2E2C1A23680030AF50 /* MissionSwift.swift */,
			);
			path = model;
			sourceTree = "<group>";
		};
/* End PBXGroup section */

/* Begin PBXNativeTarget section */
		6ED18AC52C18C4ED0035567E /* Moonshot */ = {
			isa = PBXNativeTarget;
			buildConfigurationList = 6ED18AD42C18C4F00035567E /* Build configuration list for PBXNativeTarget "Moonshot" */;
			buildPhases = (
				6ED18AC22C18C4ED0035567E /* Sources */,
				6ED18AC32C18C4ED0035567E /* Frameworks */,
				6ED18AC42C18C4ED0035567E /* Resources */,
			);
			buildRules = (
			);
			dependencies = (
			);
			name = Moonshot;
			productName = Moonshot;
			productReference = 6ED18AC62C18C4ED0035567E /* Moonshot.app */;
			productType = "com.apple.product-type.application";
		};
/* End PBXNativeTarget section */

/* Begin PBXProject section */
		6ED18ABE2C18C4ED0035567E /* Project object */ = {
			isa = PBXProject;
			attributes = {
				BuildIndependentTargetsInParallel = 1;
				LastSwiftUpdateCheck = 1540;
				LastUpgradeCheck = 1540;
				TargetAttributes = {
					6ED18AC52C18C4ED0035567E = {
						CreatedOnToolsVersion = 15.4;
					};
				};
			};
			buildConfigurationList = 6ED18AC12C18C4ED0035567E /* Build configuration list for PBXProject "Moonshot" */;
			compatibilityVersion = "Xcode 14.0";
			developmentRegion = en;
			hasScannedForEncodings = 0;
			knownRegions = (
				en,
				Base,
			);
			mainGroup = 6ED18ABD2C18C4ED0035567E;
			productRefGroup = 6ED18AC72C18C4ED0035567E /* Products */;
			projectDirPath = "";
			projectRoot = "";
			targets = (
				6ED18AC52C18C4ED0035567E /* Moonshot */,
			);
		};
/* End PBXProject section */

/* Begin PBXResourcesBuildPhase section */
		6ED18AC42C18C4ED0035567E /* Resources */ = {
			isa = PBXResourcesBuildPhase;
			buildActionMask = 2147483647;
			files = (
				6EF9ED282C1A1B3F0030AF50 /* astronauts.json in Resources */,
				6ED18AD12C18C4F00035567E /* Preview Assets.xcassets in Resources */,
				6EF9ED292C1A1B3F0030AF50 /* missions.json in Resources */,
				6ED18ACE2C18C4F00035567E /* Assets.xcassets in Resources */,
			);
			runOnlyForDeploymentPostprocessing = 0;
		};
/* End PBXResourcesBuildPhase section */

/* Begin PBXSourcesBuildPhase section */
		6ED18AC22C18C4ED0035567E /* Sources */ = {
			isa = PBXSourcesBuildPhase;
			buildActionMask = 2147483647;
			files = (
				6EF9ED2F2C1A23680030AF50 /* MissionSwift.swift in Sources */,
				6ED18ADD2C18DA590035567E /* Tutorial3.swift in Sources */,
				6EC4EEE52C4926ED008E71E2 /* Color-Theme.swift in Sources */,
				6EF9ED2D2C1A1FB10030AF50 /* Bundle.swift in Sources */,
				6ED18ADB2C18D6470035567E /* Tutorial2.swift in Sources */,
				6EC4EEE82C4A64C8008E71E2 /* MissionView.swift in Sources */,
				6ED18AE12C18E1290035567E /* Tutorial5.swift in Sources */,
				6EF9ED2B2C1A1BFC0030AF50 /* Astronaut.swift in Sources */,
				6ED18ACC2C18C4ED0035567E /* ContentView.swift in Sources */,
				6EC4EEEA2C4B2B5E008E71E2 /* AstronautView.swift in Sources */,
				6ED18ACA2C18C4ED0035567E /* MoonshotApp.swift in Sources */,
				6ED18ADF2C18DFEC0035567E /* Tutorial4.swift in Sources */,
				6ED18AD92C18C58A0035567E /* Tutorial1.swift in Sources */,
			);
			runOnlyForDeploymentPostprocessing = 0;
		};
/* End PBXSourcesBuildPhase section */

/* Begin XCBuildConfiguration section */
		6ED18AD22C18C4F00035567E /* Debug */ = {
			isa = XCBuildConfiguration;
			buildSettings = {
				ALWAYS_SEARCH_USER_PATHS = NO;
				ASSETCATALOG_COMPILER_GENERATE_SWIFT_ASSET_SYMBOL_EXTENSIONS = YES;
				CLANG_ANALYZER_NONNULL = YES;
				CLANG_ANALYZER_NUMBER_OBJECT_CONVERSION = YES_AGGRESSIVE;
				CLANG_CXX_LANGUAGE_STANDARD = "gnu++20";
				CLANG_ENABLE_MODULES = YES;
				CLANG_ENABLE_OBJC_ARC = YES;
				CLANG_ENABLE_OBJC_WEAK = YES;
				CLANG_WARN_BLOCK_CAPTURE_AUTORELEASING = YES;
				CLANG_WARN_BOOL_CONVERSION = YES;
				CLANG_WARN_COMMA = YES;
				CLANG_WARN_CONSTANT_CONVERSION = YES;
				CLANG_WARN_DEPRECATED_OBJC_IMPLEMENTATIONS = YES;
				CLANG_WARN_DIRECT_OBJC_ISA_USAGE = YES_ERROR;
				CLANG_WARN_DOCUMENTATION_COMMENTS = YES;
				CLANG_WARN_EMPTY_BODY = YES;
				CLANG_WARN_ENUM_CONVERSION = YES;
				CLANG_WARN_INFINITE_RECURSION = YES;
				CLANG_WARN_INT_CONVERSION = YES;
				CLANG_WARN_NON_LITERAL_NULL_CONVERSION = YES;
				CLANG_WARN_OBJC_IMPLICIT_RETAIN_SELF = YES;
				CLANG_WARN_OBJC_LITERAL_CONVERSION = YES;
				CLANG_WARN_OBJC_ROOT_CLASS = YES_ERROR;
				CLANG_WARN_QUOTED_INCLUDE_IN_FRAMEWORK_HEADER = YES;
				CLANG_WARN_RANGE_LOOP_ANALYSIS = YES;
				CLANG_WARN_STRICT_PROTOTYPES = YES;
				CLANG_WARN_SUSPICIOUS_MOVE = YES;
				CLANG_WARN_UNGUARDED_AVAILABILITY = YES_AGGRESSIVE;
				CLANG_WARN_UNREACHABLE_CODE = YES;
				CLANG_WARN__DUPLICATE_METHOD_MATCH = YES;
				COPY_PHASE_STRIP = NO;
				DEBUG_INFORMATION_FORMAT = dwarf;
				ENABLE_STRICT_OBJC_MSGSEND = YES;
				ENABLE_TESTABILITY = YES;
				ENABLE_USER_SCRIPT_SANDBOXING = YES;
				GCC_C_LANGUAGE_STANDARD = gnu17;
				GCC_DYNAMIC_NO_PIC = NO;
				GCC_NO_COMMON_BLOCKS = YES;
				GCC_OPTIMIZATION_LEVEL = 0;
				GCC_PREPROCESSOR_DEFINITIONS = (
					"DEBUG=1",
					"$(inherited)",
				);
				GCC_WARN_64_TO_32_BIT_CONVERSION = YES;
				GCC_WARN_ABOUT_RETURN_TYPE = YES_ERROR;
				GCC_WARN_UNDECLARED_SELECTOR = YES;
				GCC_WARN_UNINITIALIZED_AUTOS = YES_AGGRESSIVE;
				GCC_WARN_UNUSED_FUNCTION = YES;
				GCC_WARN_UNUSED_VARIABLE = YES;
				IPHONEOS_DEPLOYMENT_TARGET = 17.5;
				LOCALIZATION_PREFERS_STRING_CATALOGS = YES;
				MTL_ENABLE_DEBUG_INFO = INCLUDE_SOURCE;
				MTL_FAST_MATH = YES;
				ONLY_ACTIVE_ARCH = YES;
				SDKROOT = iphoneos;
				SWIFT_ACTIVE_COMPILATION_CONDITIONS = "DEBUG $(inherited)";
				SWIFT_OPTIMIZATION_LEVEL = "-Onone";
			};
			name = Debug;
		};
		6ED18AD32C18C4F00035567E /* Release */ = {
			isa = XCBuildConfiguration;
			buildSettings = {
				ALWAYS_SEARCH_USER_PATHS = NO;
				ASSETCATALOG_COMPILER_GENERATE_SWIFT_ASSET_SYMBOL_EXTENSIONS = YES;
				CLANG_ANALYZER_NONNULL = YES;
				CLANG_ANALYZER_NUMBER_OBJECT_CONVERSION = YES_AGGRESSIVE;
				CLANG_CXX_LANGUAGE_STANDARD = "gnu++20";
				CLANG_ENABLE_MODULES = YES;
				CLANG_ENABLE_OBJC_ARC = YES;
				CLANG_ENABLE_OBJC_WEAK = YES;
				CLANG_WARN_BLOCK_CAPTURE_AUTORELEASING = YES;
				CLANG_WARN_BOOL_CONVERSION = YES;
				CLANG_WARN_COMMA = YES;
				CLANG_WARN_CONSTANT_CONVERSION = YES;
				CLANG_WARN_DEPRECATED_OBJC_IMPLEMENTATIONS = YES;
				CLANG_WARN_DIRECT_OBJC_ISA_USAGE = YES_ERROR;
				CLANG_WARN_DOCUMENTATION_COMMENTS = YES;
				CLANG_WARN_EMPTY_BODY = YES;
				CLANG_WARN_ENUM_CONVERSION = YES;
				CLANG_WARN_INFINITE_RECURSION = YES;
				CLANG_WARN_INT_CONVERSION = YES;
				CLANG_WARN_NON_LITERAL_NULL_CONVERSION = YES;
				CLANG_WARN_OBJC_IMPLICIT_RETAIN_SELF = YES;
				CLANG_WARN_OBJC_LITERAL_CONVERSION = YES;
				CLANG_WARN_OBJC_ROOT_CLASS = YES_ERROR;
				CLANG_WARN_QUOTED_INCLUDE_IN_FRAMEWORK_HEADER = YES;
				CLANG_WARN_RANGE_LOOP_ANALYSIS = YES;
				CLANG_WARN_STRICT_PROTOTYPES = YES;
				CLANG_WARN_SUSPICIOUS_MOVE = YES;
				CLANG_WARN_UNGUARDED_AVAILABILITY = YES_AGGRESSIVE;
				CLANG_WARN_UNREACHABLE_CODE = YES;
				CLANG_WARN__DUPLICATE_METHOD_MATCH = YES;
				COPY_PHASE_STRIP = NO;
				DEBUG_INFORMATION_FORMAT = "dwarf-with-dsym";
				ENABLE_NS_ASSERTIONS = NO;
				ENABLE_STRICT_OBJC_MSGSEND = YES;
				ENABLE_USER_SCRIPT_SANDBOXING = YES;
				GCC_C_LANGUAGE_STANDARD = gnu17;
				GCC_NO_COMMON_BLOCKS = YES;
				GCC_WARN_64_TO_32_BIT_CONVERSION = YES;
				GCC_WARN_ABOUT_RETURN_TYPE = YES_ERROR;
				GCC_WARN_UNDECLARED_SELECTOR = YES;
				GCC_WARN_UNINITIALIZED_AUTOS = YES_AGGRESSIVE;
				GCC_WARN_UNUSED_FUNCTION = YES;
				GCC_WARN_UNUSED_VARIABLE = YES;
				IPHONEOS_DEPLOYMENT_TARGET = 17.5;
				LOCALIZATION_PREFERS_STRING_CATALOGS = YES;
				MTL_ENABLE_DEBUG_INFO = NO;
				MTL_FAST_MATH = YES;
				SDKROOT = iphoneos;
				SWIFT_COMPILATION_MODE = wholemodule;
				VALIDATE_PRODUCT = YES;
			};
			name = Release;
		};
		6ED18AD52C18C4F00035567E /* Debug */ = {
			isa = XCBuildConfiguration;
			buildSettings = {
				ASSETCATALOG_COMPILER_APPICON_NAME = AppIcon;
				ASSETCATALOG_COMPILER_GLOBAL_ACCENT_COLOR_NAME = AccentColor;
				CODE_SIGN_STYLE = Automatic;
				CURRENT_PROJECT_VERSION = 1;
				DEVELOPMENT_ASSET_PATHS = "\"Moonshot/Preview Content\"";
				DEVELOPMENT_TEAM = W5HZTU6SV8;
				ENABLE_PREVIEWS = YES;
				GENERATE_INFOPLIST_FILE = YES;
				INFOPLIST_KEY_UIApplicationSceneManifest_Generation = YES;
				INFOPLIST_KEY_UIApplicationSupportsIndirectInputEvents = YES;
				INFOPLIST_KEY_UILaunchScreen_Generation = YES;
				INFOPLIST_KEY_UISupportedInterfaceOrientations_iPad = "UIInterfaceOrientationPortrait UIInterfaceOrientationPortraitUpsideDown UIInterfaceOrientationLandscapeLeft UIInterfaceOrientationLandscapeRight";
				INFOPLIST_KEY_UISupportedInterfaceOrientations_iPhone = "UIInterfaceOrientationPortrait UIInterfaceOrientationLandscapeLeft UIInterfaceOrientationLandscapeRight";
				LD_RUNPATH_SEARCH_PATHS = (
					"$(inherited)",
					"@executable_path/Frameworks",
				);
				MARKETING_VERSION = 1.0;
				PRODUCT_BUNDLE_IDENTIFIER = com.lordzzz.Moonshot;
				PRODUCT_NAME = "$(TARGET_NAME)";
				SWIFT_EMIT_LOC_STRINGS = YES;
				SWIFT_VERSION = 5.0;
				TARGETED_DEVICE_FAMILY = "1,2";
			};
			name = Debug;
		};
		6ED18AD62C18C4F00035567E /* Release */ = {
			isa = XCBuildConfiguration;
			buildSettings = {
				ASSETCATALOG_COMPILER_APPICON_NAME = AppIcon;
				ASSETCATALOG_COMPILER_GLOBAL_ACCENT_COLOR_NAME = AccentColor;
				CODE_SIGN_STYLE = Automatic;
				CURRENT_PROJECT_VERSION = 1;
				DEVELOPMENT_ASSET_PATHS = "\"Moonshot/Preview Content\"";
				DEVELOPMENT_TEAM = W5HZTU6SV8;
				ENABLE_PREVIEWS = YES;
				GENERATE_INFOPLIST_FILE = YES;
				INFOPLIST_KEY_UIApplicationSceneManifest_Generation = YES;
				INFOPLIST_KEY_UIApplicationSupportsIndirectInputEvents = YES;
				INFOPLIST_KEY_UILaunchScreen_Generation = YES;
				INFOPLIST_KEY_UISupportedInterfaceOrientations_iPad = "UIInterfaceOrientationPortrait UIInterfaceOrientationPortraitUpsideDown UIInterfaceOrientationLandscapeLeft UIInterfaceOrientationLandscapeRight";
				INFOPLIST_KEY_UISupportedInterfaceOrientations_iPhone = "UIInterfaceOrientationPortrait UIInterfaceOrientationLandscapeLeft UIInterfaceOrientationLandscapeRight";
				LD_RUNPATH_SEARCH_PATHS = (
					"$(inherited)",
					"@executable_path/Frameworks",
				);
				MARKETING_VERSION = 1.0;
				PRODUCT_BUNDLE_IDENTIFIER = com.lordzzz.Moonshot;
				PRODUCT_NAME = "$(TARGET_NAME)";
				SWIFT_EMIT_LOC_STRINGS = YES;
				SWIFT_VERSION = 5.0;
				TARGETED_DEVICE_FAMILY = "1,2";
			};
			name = Release;
		};
/* End XCBuildConfiguration section */

/* Begin XCConfigurationList section */
		6ED18AC12C18C4ED0035567E /* Build configuration list for PBXProject "Moonshot" */ = {
			isa = XCConfigurationList;
			buildConfigurations = (
				6ED18AD22C18C4F00035567E /* Debug */,
				6ED18AD32C18C4F00035567E /* Release */,
			);
			defaultConfigurationIsVisible = 0;
			defaultConfigurationName = Release;
		};
		6ED18AD42C18C4F00035567E /* Build configuration list for PBXNativeTarget "Moonshot" */ = {
			isa = XCConfigurationList;
			buildConfigurations = (
				6ED18AD52C18C4F00035567E /* Debug */,
				6ED18AD62C18C4F00035567E /* Release */,
			);
			defaultConfigurationIsVisible = 0;
			defaultConfigurationName = Release;
		};
/* End XCConfigurationList section */
	};
	rootObject = 6ED18ABE2C18C4ED0035567E /* Project object */;
}
