// !$*UTF8*$!
{
	archiveVersion = 1;
	classes = {
	};
	objectVersion = 56;
	objects = {

/* Begin PBXBuildFile section */
		6E6B6E242C8EDC5900F701E4 /* Projects_13_15App.swift in Sources */ = {isa = PBXBuildFile; fileRef = 6E6B6E232C8EDC5900F701E4 /* Projects_13_15App.swift */; };
		6E6B6E262C8EDC5900F701E4 /* ContentView.swift in Sources */ = {isa = PBXBuildFile; fileRef = 6E6B6E252C8EDC5900F701E4 /* ContentView.swift */; };
		6E6B6E282C8EDC5C00F701E4 /* Assets.xcassets in Resources */ = {isa = PBXBuildFile; fileRef = 6E6B6E272C8EDC5C00F701E4 /* Assets.xcassets */; };
		6E6B6E2B2C8EDC5C00F701E4 /* Preview Assets.xcassets in Resources */ = {isa = PBXBuildFile; fileRef = 6E6B6E2A2C8EDC5C00F701E4 /* Preview Assets.xcassets */; };
		6E6B6E332C8EDC9400F701E4 /* ModelData.swift in Sources */ = {isa = PBXBuildFile; fileRef = 6E6B6E322C8EDC9400F701E4 /* ModelData.swift */; };
		6E6B6E362C8EDE7500F701E4 /* DetailView.swift in Sources */ = {isa = PBXBuildFile; fileRef = 6E6B6E352C8EDE7500F701E4 /* DetailView.swift */; };
		6E6B6E382C8EDE9A00F701E4 /* AddPhotoView.swift in Sources */ = {isa = PBXBuildFile; fileRef = 6E6B6E372C8EDE9A00F701E4 /* AddPhotoView.swift */; };
		6E6B6E3B2C9027F200F701E4 /* LocationFetcher.swift in Sources */ = {isa = PBXBuildFile; fileRef = 6E6B6E3A2C9027F200F701E4 /* LocationFetcher.swift */; };
/* End PBXBuildFile section */

/* Begin PBXFileReference section */
		6E6B6E202C8EDC5900F701E4 /* Projects_13_15.app */ = {isa = PBXFileReference; explicitFileType = wrapper.application; includeInIndex = 0; path = Projects_13_15.app; sourceTree = BUILT_PRODUCTS_DIR; };
		6E6B6E232C8EDC5900F701E4 /* Projects_13_15App.swift */ = {isa = PBXFileReference; lastKnownFileType = sourcecode.swift; path = Projects_13_15App.swift; sourceTree = "<group>"; };
		6E6B6E252C8EDC5900F701E4 /* ContentView.swift */ = {isa = PBXFileReference; lastKnownFileType = sourcecode.swift; path = ContentView.swift; sourceTree = "<group>"; };
		6E6B6E272C8EDC5C00F701E4 /* Assets.xcassets */ = {isa = PBXFileReference; lastKnownFileType = folder.assetcatalog; path = Assets.xcassets; sourceTree = "<group>"; };
		6E6B6E2A2C8EDC5C00F701E4 /* Preview Assets.xcassets */ = {isa = PBXFileReference; lastKnownFileType = folder.assetcatalog; path = "Preview Assets.xcassets"; sourceTree = "<group>"; };
		6E6B6E322C8EDC9400F701E4 /* ModelData.swift */ = {isa = PBXFileReference; lastKnownFileType = sourcecode.swift; path = ModelData.swift; sourceTree = "<group>"; };
		6E6B6E352C8EDE7500F701E4 /* DetailView.swift */ = {isa = PBXFileReference; lastKnownFileType = sourcecode.swift; path = DetailView.swift; sourceTree = "<group>"; };
		6E6B6E372C8EDE9A00F701E4 /* AddPhotoView.swift */ = {isa = PBXFileReference; lastKnownFileType = sourcecode.swift; path = AddPhotoView.swift; sourceTree = "<group>"; };
		6E6B6E3A2C9027F200F701E4 /* LocationFetcher.swift */ = {isa = PBXFileReference; lastKnownFileType = sourcecode.swift; path = LocationFetcher.swift; sourceTree = "<group>"; };
/* End PBXFileReference section */

/* Begin PBXFrameworksBuildPhase section */
		6E6B6E1D2C8EDC5900F701E4 /* Frameworks */ = {
			isa = PBXFrameworksBuildPhase;
			buildActionMask = 2147483647;
			files = (
			);
			runOnlyForDeploymentPostprocessing = 0;
		};
/* End PBXFrameworksBuildPhase section */

/* Begin PBXGroup section */
		6E6B6E172C8EDC5900F701E4 = {
			isa = PBXGroup;
			children = (
				6E6B6E222C8EDC5900F701E4 /* Projects_13_15 */,
				6E6B6E212C8EDC5900F701E4 /* Products */,
			);
			sourceTree = "<group>";
		};
		6E6B6E212C8EDC5900F701E4 /* Products */ = {
			isa = PBXGroup;
			children = (
				6E6B6E202C8EDC5900F701E4 /* Projects_13_15.app */,
			);
			name = Products;
			sourceTree = "<group>";
		};
		6E6B6E222C8EDC5900F701E4 /* Projects_13_15 */ = {
			isa = PBXGroup;
			children = (
				6E6B6E232C8EDC5900F701E4 /* Projects_13_15App.swift */,
				6E6B6E392C9026BB00F701E4 /* ViewModel */,
				6E6B6E342C8EDE4500F701E4 /* View */,
				6E6B6E312C8EDC6F00F701E4 /* Moleodel */,
				6E6B6E272C8EDC5C00F701E4 /* Assets.xcassets */,
				6E6B6E292C8EDC5C00F701E4 /* Preview Content */,
			);
			path = Projects_13_15;
			sourceTree = "<group>";
		};
		6E6B6E292C8EDC5C00F701E4 /* Preview Content */ = {
			isa = PBXGroup;
			children = (
				6E6B6E2A2C8EDC5C00F701E4 /* Preview Assets.xcassets */,
			);
			path = "Preview Content";
			sourceTree = "<group>";
		};
		6E6B6E312C8EDC6F00F701E4 /* Moleodel */ = {
			isa = PBXGroup;
			children = (
				6E6B6E322C8EDC9400F701E4 /* ModelData.swift */,
			);
			path = Moleodel;
			sourceTree = "<group>";
		};
		6E6B6E342C8EDE4500F701E4 /* View */ = {
			isa = PBXGroup;
			children = (
				6E6B6E252C8EDC5900F701E4 /* ContentView.swift */,
				6E6B6E352C8EDE7500F701E4 /* DetailView.swift */,
				6E6B6E372C8EDE9A00F701E4 /* AddPhotoView.swift */,
			);
			path = View;
			sourceTree = "<group>";
		};
		6E6B6E392C9026BB00F701E4 /* ViewModel */ = {
			isa = PBXGroup;
			children = (
				6E6B6E3A2C9027F200F701E4 /* LocationFetcher.swift */,
			);
			path = ViewModel;
			sourceTree = "<group>";
		};
/* End PBXGroup section */

/* Begin PBXNativeTarget section */
		6E6B6E1F2C8EDC5900F701E4 /* Projects_13_15 */ = {
			isa = PBXNativeTarget;
			buildConfigurationList = 6E6B6E2E2C8EDC5C00F701E4 /* Build configuration list for PBXNativeTarget "Projects_13_15" */;
			buildPhases = (
				6E6B6E1C2C8EDC5900F701E4 /* Sources */,
				6E6B6E1D2C8EDC5900F701E4 /* Frameworks */,
				6E6B6E1E2C8EDC5900F701E4 /* Resources */,
			);
			buildRules = (
			);
			dependencies = (
			);
			name = Projects_13_15;
			productName = Projects_13_15;
			productReference = 6E6B6E202C8EDC5900F701E4 /* Projects_13_15.app */;
			productType = "com.apple.product-type.application";
		};
/* End PBXNativeTarget section */

/* Begin PBXProject section */
		6E6B6E182C8EDC5900F701E4 /* Project object */ = {
			isa = PBXProject;
			attributes = {
				BuildIndependentTargetsInParallel = 1;
				LastSwiftUpdateCheck = 1540;
				LastUpgradeCheck = 1540;
				TargetAttributes = {
					6E6B6E1F2C8EDC5900F701E4 = {
						CreatedOnToolsVersion = 15.4;
					};
				};
			};
			buildConfigurationList = 6E6B6E1B2C8EDC5900F701E4 /* Build configuration list for PBXProject "Projects_13_15" */;
			compatibilityVersion = "Xcode 14.0";
			developmentRegion = en;
			hasScannedForEncodings = 0;
			knownRegions = (
				en,
				Base,
			);
			mainGroup = 6E6B6E172C8EDC5900F701E4;
			productRefGroup = 6E6B6E212C8EDC5900F701E4 /* Products */;
			projectDirPath = "";
			projectRoot = "";
			targets = (
				6E6B6E1F2C8EDC5900F701E4 /* Projects_13_15 */,
			);
		};
/* End PBXProject section */

/* Begin PBXResourcesBuildPhase section */
		6E6B6E1E2C8EDC5900F701E4 /* Resources */ = {
			isa = PBXResourcesBuildPhase;
			buildActionMask = 2147483647;
			files = (
				6E6B6E2B2C8EDC5C00F701E4 /* Preview Assets.xcassets in Resources */,
				6E6B6E282C8EDC5C00F701E4 /* Assets.xcassets in Resources */,
			);
			runOnlyForDeploymentPostprocessing = 0;
		};
/* End PBXResourcesBuildPhase section */

/* Begin PBXSourcesBuildPhase section */
		6E6B6E1C2C8EDC5900F701E4 /* Sources */ = {
			isa = PBXSourcesBuildPhase;
			buildActionMask = 2147483647;
			files = (
				6E6B6E262C8EDC5900F701E4 /* ContentView.swift in Sources */,
				6E6B6E382C8EDE9A00F701E4 /* AddPhotoView.swift in Sources */,
				6E6B6E3B2C9027F200F701E4 /* LocationFetcher.swift in Sources */,
				6E6B6E362C8EDE7500F701E4 /* DetailView.swift in Sources */,
				6E6B6E242C8EDC5900F701E4 /* Projects_13_15App.swift in Sources */,
				6E6B6E332C8EDC9400F701E4 /* ModelData.swift in Sources */,
			);
			runOnlyForDeploymentPostprocessing = 0;
		};
/* End PBXSourcesBuildPhase section */

/* Begin XCBuildConfiguration section */
		6E6B6E2C2C8EDC5C00F701E4 /* Debug */ = {
			isa = XCBuildConfiguration;
			buildSettings = {
				ALWAYS_SEARCH_USER_PATHS = NO;
				ASSETCATALOG_COMPILER_GENERATE_SWIFT_ASSET_SYMBOL_EXTENSIONS = YES;
				CLANG_ANALYZER_NONNULL = YES;
				CLANG_ANALYZER_NUMBER_OBJECT_CONVERSION = YES_AGGRESSIVE;
				CLANG_CXX_LANGUAGE_STANDARD = "gnu++20";
				CLANG_ENABLE_MODULES = YES;
				CLANG_ENABLE_OBJC_ARC = YES;
				CLANG_ENABLE_OBJC_WEAK = YES;
				CLANG_WARN_BLOCK_CAPTURE_AUTORELEASING = YES;
				CLANG_WARN_BOOL_CONVERSION = YES;
				CLANG_WARN_COMMA = YES;
				CLANG_WARN_CONSTANT_CONVERSION = YES;
				CLANG_WARN_DEPRECATED_OBJC_IMPLEMENTATIONS = YES;
				CLANG_WARN_DIRECT_OBJC_ISA_USAGE = YES_ERROR;
				CLANG_WARN_DOCUMENTATION_COMMENTS = YES;
				CLANG_WARN_EMPTY_BODY = YES;
				CLANG_WARN_ENUM_CONVERSION = YES;
				CLANG_WARN_INFINITE_RECURSION = YES;
				CLANG_WARN_INT_CONVERSION = YES;
				CLANG_WARN_NON_LITERAL_NULL_CONVERSION = YES;
				CLANG_WARN_OBJC_IMPLICIT_RETAIN_SELF = YES;
				CLANG_WARN_OBJC_LITERAL_CONVERSION = YES;
				CLANG_WARN_OBJC_ROOT_CLASS = YES_ERROR;
				CLANG_WARN_QUOTED_INCLUDE_IN_FRAMEWORK_HEADER = YES;
				CLANG_WARN_RANGE_LOOP_ANALYSIS = YES;
				CLANG_WARN_STRICT_PROTOTYPES = YES;
				CLANG_WARN_SUSPICIOUS_MOVE = YES;
				CLANG_WARN_UNGUARDED_AVAILABILITY = YES_AGGRESSIVE;
				CLANG_WARN_UNREACHABLE_CODE = YES;
				CLANG_WARN__DUPLICATE_METHOD_MATCH = YES;
				COPY_PHASE_STRIP = NO;
				DEBUG_INFORMATION_FORMAT = dwarf;
				ENABLE_STRICT_OBJC_MSGSEND = YES;
				ENABLE_TESTABILITY = YES;
				ENABLE_USER_SCRIPT_SANDBOXING = YES;
				GCC_C_LANGUAGE_STANDARD = gnu17;
				GCC_DYNAMIC_NO_PIC = NO;
				GCC_NO_COMMON_BLOCKS = YES;
				GCC_OPTIMIZATION_LEVEL = 0;
				GCC_PREPROCESSOR_DEFINITIONS = (
					"DEBUG=1",
					"$(inherited)",
				);
				GCC_WARN_64_TO_32_BIT_CONVERSION = YES;
				GCC_WARN_ABOUT_RETURN_TYPE = YES_ERROR;
				GCC_WARN_UNDECLARED_SELECTOR = YES;
				GCC_WARN_UNINITIALIZED_AUTOS = YES_AGGRESSIVE;
				GCC_WARN_UNUSED_FUNCTION = YES;
				GCC_WARN_UNUSED_VARIABLE = YES;
				IPHONEOS_DEPLOYMENT_TARGET = 17.5;
				LOCALIZATION_PREFERS_STRING_CATALOGS = YES;
				MTL_ENABLE_DEBUG_INFO = INCLUDE_SOURCE;
				MTL_FAST_MATH = YES;
				ONLY_ACTIVE_ARCH = YES;
				SDKROOT = iphoneos;
				SWIFT_ACTIVE_COMPILATION_CONDITIONS = "DEBUG $(inherited)";
				SWIFT_OPTIMIZATION_LEVEL = "-Onone";
			};
			name = Debug;
		};
		6E6B6E2D2C8EDC5C00F701E4 /* Release */ = {
			isa = XCBuildConfiguration;
			buildSettings = {
				ALWAYS_SEARCH_USER_PATHS = NO;
				ASSETCATALOG_COMPILER_GENERATE_SWIFT_ASSET_SYMBOL_EXTENSIONS = YES;
				CLANG_ANALYZER_NONNULL = YES;
				CLANG_ANALYZER_NUMBER_OBJECT_CONVERSION = YES_AGGRESSIVE;
				CLANG_CXX_LANGUAGE_STANDARD = "gnu++20";
				CLANG_ENABLE_MODULES = YES;
				CLANG_ENABLE_OBJC_ARC = YES;
				CLANG_ENABLE_OBJC_WEAK = YES;
				CLANG_WARN_BLOCK_CAPTURE_AUTORELEASING = YES;
				CLANG_WARN_BOOL_CONVERSION = YES;
				CLANG_WARN_COMMA = YES;
				CLANG_WARN_CONSTANT_CONVERSION = YES;
				CLANG_WARN_DEPRECATED_OBJC_IMPLEMENTATIONS = YES;
				CLANG_WARN_DIRECT_OBJC_ISA_USAGE = YES_ERROR;
				CLANG_WARN_DOCUMENTATION_COMMENTS = YES;
				CLANG_WARN_EMPTY_BODY = YES;
				CLANG_WARN_ENUM_CONVERSION = YES;
				CLANG_WARN_INFINITE_RECURSION = YES;
				CLANG_WARN_INT_CONVERSION = YES;
				CLANG_WARN_NON_LITERAL_NULL_CONVERSION = YES;
				CLANG_WARN_OBJC_IMPLICIT_RETAIN_SELF = YES;
				CLANG_WARN_OBJC_LITERAL_CONVERSION = YES;
				CLANG_WARN_OBJC_ROOT_CLASS = YES_ERROR;
				CLANG_WARN_QUOTED_INCLUDE_IN_FRAMEWORK_HEADER = YES;
				CLANG_WARN_RANGE_LOOP_ANALYSIS = YES;
				CLANG_WARN_STRICT_PROTOTYPES = YES;
				CLANG_WARN_SUSPICIOUS_MOVE = YES;
				CLANG_WARN_UNGUARDED_AVAILABILITY = YES_AGGRESSIVE;
				CLANG_WARN_UNREACHABLE_CODE = YES;
				CLANG_WARN__DUPLICATE_METHOD_MATCH = YES;
				COPY_PHASE_STRIP = NO;
				DEBUG_INFORMATION_FORMAT = "dwarf-with-dsym";
				ENABLE_NS_ASSERTIONS = NO;
				ENABLE_STRICT_OBJC_MSGSEND = YES;
				ENABLE_USER_SCRIPT_SANDBOXING = YES;
				GCC_C_LANGUAGE_STANDARD = gnu17;
				GCC_NO_COMMON_BLOCKS = YES;
				GCC_WARN_64_TO_32_BIT_CONVERSION = YES;
				GCC_WARN_ABOUT_RETURN_TYPE = YES_ERROR;
				GCC_WARN_UNDECLARED_SELECTOR = YES;
				GCC_WARN_UNINITIALIZED_AUTOS = YES_AGGRESSIVE;
				GCC_WARN_UNUSED_FUNCTION = YES;
				GCC_WARN_UNUSED_VARIABLE = YES;
				IPHONEOS_DEPLOYMENT_TARGET = 17.5;
				LOCALIZATION_PREFERS_STRING_CATALOGS = YES;
				MTL_ENABLE_DEBUG_INFO = NO;
				MTL_FAST_MATH = YES;
				SDKROOT = iphoneos;
				SWIFT_COMPILATION_MODE = wholemodule;
				VALIDATE_PRODUCT = YES;
			};
			name = Release;
		};
		6E6B6E2F2C8EDC5C00F701E4 /* Debug */ = {
			isa = XCBuildConfiguration;
			buildSettings = {
				ASSETCATALOG_COMPILER_APPICON_NAME = AppIcon;
				ASSETCATALOG_COMPILER_GLOBAL_ACCENT_COLOR_NAME = AccentColor;
				CODE_SIGN_STYLE = Automatic;
				CURRENT_PROJECT_VERSION = 1;
				DEVELOPMENT_ASSET_PATHS = "\"Projects_13_15/Preview Content\"";
				DEVELOPMENT_TEAM = W5HZTU6SV8;
				ENABLE_PREVIEWS = YES;
				GENERATE_INFOPLIST_FILE = YES;
				INFOPLIST_KEY_NSLocationWhenInUseUsageDescription = "La app necesita permiso para usar su uvicación";
				INFOPLIST_KEY_UIApplicationSceneManifest_Generation = YES;
				INFOPLIST_KEY_UIApplicationSupportsIndirectInputEvents = YES;
				INFOPLIST_KEY_UILaunchScreen_Generation = YES;
				INFOPLIST_KEY_UISupportedInterfaceOrientations_iPad = "UIInterfaceOrientationPortrait UIInterfaceOrientationPortraitUpsideDown UIInterfaceOrientationLandscapeLeft UIInterfaceOrientationLandscapeRight";
				INFOPLIST_KEY_UISupportedInterfaceOrientations_iPhone = "UIInterfaceOrientationPortrait UIInterfaceOrientationLandscapeLeft UIInterfaceOrientationLandscapeRight";
				LD_RUNPATH_SEARCH_PATHS = (
					"$(inherited)",
					"@executable_path/Frameworks",
				);
				MARKETING_VERSION = 1.0;
				PRODUCT_BUNDLE_IDENTIFIER = "com.lordzzz.Projects-13-15";
				PRODUCT_NAME = "$(TARGET_NAME)";
				SWIFT_EMIT_LOC_STRINGS = YES;
				SWIFT_VERSION = 5.0;
				TARGETED_DEVICE_FAMILY = "1,2";
			};
			name = Debug;
		};
		6E6B6E302C8EDC5C00F701E4 /* Release */ = {
			isa = XCBuildConfiguration;
			buildSettings = {
				ASSETCATALOG_COMPILER_APPICON_NAME = AppIcon;
				ASSETCATALOG_COMPILER_GLOBAL_ACCENT_COLOR_NAME = AccentColor;
				CODE_SIGN_STYLE = Automatic;
				CURRENT_PROJECT_VERSION = 1;
				DEVELOPMENT_ASSET_PATHS = "\"Projects_13_15/Preview Content\"";
				DEVELOPMENT_TEAM = W5HZTU6SV8;
				ENABLE_PREVIEWS = YES;
				GENERATE_INFOPLIST_FILE = YES;
				INFOPLIST_KEY_NSLocationWhenInUseUsageDescription = "La app necesita permiso para usar su uvicación";
				INFOPLIST_KEY_UIApplicationSceneManifest_Generation = YES;
				INFOPLIST_KEY_UIApplicationSupportsIndirectInputEvents = YES;
				INFOPLIST_KEY_UILaunchScreen_Generation = YES;
				INFOPLIST_KEY_UISupportedInterfaceOrientations_iPad = "UIInterfaceOrientationPortrait UIInterfaceOrientationPortraitUpsideDown UIInterfaceOrientationLandscapeLeft UIInterfaceOrientationLandscapeRight";
				INFOPLIST_KEY_UISupportedInterfaceOrientations_iPhone = "UIInterfaceOrientationPortrait UIInterfaceOrientationLandscapeLeft UIInterfaceOrientationLandscapeRight";
				LD_RUNPATH_SEARCH_PATHS = (
					"$(inherited)",
					"@executable_path/Frameworks",
				);
				MARKETING_VERSION = 1.0;
				PRODUCT_BUNDLE_IDENTIFIER = "com.lordzzz.Projects-13-15";
				PRODUCT_NAME = "$(TARGET_NAME)";
				SWIFT_EMIT_LOC_STRINGS = YES;
				SWIFT_VERSION = 5.0;
				TARGETED_DEVICE_FAMILY = "1,2";
			};
			name = Release;
		};
/* End XCBuildConfiguration section */

/* Begin XCConfigurationList section */
		6E6B6E1B2C8EDC5900F701E4 /* Build configuration list for PBXProject "Projects_13_15" */ = {
			isa = XCConfigurationList;
			buildConfigurations = (
				6E6B6E2C2C8EDC5C00F701E4 /* Debug */,
				6E6B6E2D2C8EDC5C00F701E4 /* Release */,
			);
			defaultConfigurationIsVisible = 0;
			defaultConfigurationName = Release;
		};
		6E6B6E2E2C8EDC5C00F701E4 /* Build configuration list for PBXNativeTarget "Projects_13_15" */ = {
			isa = XCConfigurationList;
			buildConfigurations = (
				6E6B6E2F2C8EDC5C00F701E4 /* Debug */,
				6E6B6E302C8EDC5C00F701E4 /* Release */,
			);
			defaultConfigurationIsVisible = 0;
			defaultConfigurationName = Release;
		};
/* End XCConfigurationList section */
	};
	rootObject = 6E6B6E182C8EDC5900F701E4 /* Project object */;
}
